// !$*UTF8*$!
{
	archiveVersion = 1;
	classes = {
	};
	objectVersion = 48;
	objects = {

/* Begin PBXBuildFile section */
		77AEFEB52CCED4506475D0A9 /* Pods_YumaAppTests.framework in Frameworks */ = {isa = PBXBuildFile; fileRef = 450FA0398939E6DB72DC86CF /* Pods_YumaAppTests.framework */; };
		905B9ADF2B12BF77F1CB7C8D /* Pods_YumaApp.framework in Frameworks */ = {isa = PBXBuildFile; fileRef = C310D4D5AC23CE8E97C74431 /* Pods_YumaApp.framework */; };
		A476738C515BD60BDC29B509 /* Pods_YumaAppUITests.framework in Frameworks */ = {isa = PBXBuildFile; fileRef = 5B7B38EA7A1928E4038B0A36 /* Pods_YumaAppUITests.framework */; };
		CF182DB42030C32C0070B9E5 /* LaptopsViewController.xib in Resources */ = {isa = PBXBuildFile; fileRef = CF182DB32030C32C0070B9E5 /* LaptopsViewController.xib */; };
		CF182DB62030F4C90070B9E5 /* GradientButton.swift in Sources */ = {isa = PBXBuildFile; fileRef = CF182DB52030F4C90070B9E5 /* GradientButton.swift */; };
		CF182DB92030F7FB0070B9E5 /* WebpageViewController.swift in Sources */ = {isa = PBXBuildFile; fileRef = CF182DB72030F7FB0070B9E5 /* WebpageViewController.swift */; };
		CF182DBA2030F7FB0070B9E5 /* WebpageViewController.xib in Resources */ = {isa = PBXBuildFile; fileRef = CF182DB82030F7FB0070B9E5 /* WebpageViewController.xib */; };
		CF182DBC2031E8A90070B9E5 /* CollectionViewController.swift in Sources */ = {isa = PBXBuildFile; fileRef = CF182DBB2031E8A90070B9E5 /* CollectionViewController.swift */; };
		CF182DBE2031EFE30070B9E5 /* CollectionViewCell.swift in Sources */ = {isa = PBXBuildFile; fileRef = CF182DBD2031EFE30070B9E5 /* CollectionViewCell.swift */; };
		CF182DC02031FA9E0070B9E5 /* Product.swift in Sources */ = {isa = PBXBuildFile; fileRef = CF182DBF2031FA9E0070B9E5 /* Product.swift */; };
		CF182DC4203219900070B9E5 /* CartsJSON.swift in Sources */ = {isa = PBXBuildFile; fileRef = CF182DC3203219900070B9E5 /* CartsJSON.swift */; };
		CF182DC820321DD70070B9E5 /* OrdersJSON.swift in Sources */ = {isa = PBXBuildFile; fileRef = CF182DC720321DD70070B9E5 /* OrdersJSON.swift */; };
		CF182DCC20331DA00070B9E5 /* ProductsJSON.swift in Sources */ = {isa = PBXBuildFile; fileRef = CF182DCB20331DA00070B9E5 /* ProductsJSON.swift */; };
		CF182DCE203327880070B9E5 /* CustomerJSON.swift in Sources */ = {isa = PBXBuildFile; fileRef = CF182DCD203327880070B9E5 /* CustomerJSON.swift */; };
		CF182DD0203340E50070B9E5 /* PSWebServices.swift in Sources */ = {isa = PBXBuildFile; fileRef = CF182DCF203340E50070B9E5 /* PSWebServices.swift */; };
		CF182DD2203344C00070B9E5 /* AddressesJSON.swift in Sources */ = {isa = PBXBuildFile; fileRef = CF182DD1203344C00070B9E5 /* AddressesJSON.swift */; };
		CF182DD4203380B70070B9E5 /* ProductsMyFeeder.swift in Sources */ = {isa = PBXBuildFile; fileRef = CF182DD3203380B70070B9E5 /* ProductsMyFeeder.swift */; };
		CF48A6AA202F3BE500FEEC7F /* LaptopsViewController.swift in Sources */ = {isa = PBXBuildFile; fileRef = CF48A6A9202F3BE500FEEC7F /* LaptopsViewController.swift */; };
		CF7E8636202908010014B787 /* PrintersViewController.swift in Sources */ = {isa = PBXBuildFile; fileRef = CF7E8634202908010014B787 /* PrintersViewController.swift */; };
		CF7E8637202908010014B787 /* PrintersViewController.xib in Resources */ = {isa = PBXBuildFile; fileRef = CF7E8635202908010014B787 /* PrintersViewController.xib */; };
		CF7E863920290D2B0014B787 /* fontAwesomeIcons.swift in Sources */ = {isa = PBXBuildFile; fileRef = CF7E863820290D2B0014B787 /* fontAwesomeIcons.swift */; };
		CF7E863C2029E83D0014B787 /* ContactUsViewController.swift in Sources */ = {isa = PBXBuildFile; fileRef = CF7E863A2029E83D0014B787 /* ContactUsViewController.swift */; };
		CF7E863D2029E83D0014B787 /* ContactUsViewController.xib in Resources */ = {isa = PBXBuildFile; fileRef = CF7E863B2029E83D0014B787 /* ContactUsViewController.xib */; };
		CF7E864C202A0FBA0014B787 /* countries.swift in Sources */ = {isa = PBXBuildFile; fileRef = CF7E864B202A0FBA0014B787 /* countries.swift */; };
		CF7E864E202A13440014B787 /* Names_Countries.swift in Sources */ = {isa = PBXBuildFile; fileRef = CF7E864D202A13440014B787 /* Names_Countries.swift */; };
		CF7E865E202A42800014B787 /* HeaderView.xib in Resources */ = {isa = PBXBuildFile; fileRef = CF7E865D202A42800014B787 /* HeaderView.xib */; };
		CF7E8660202A44950014B787 /* HeaderController.swift in Sources */ = {isa = PBXBuildFile; fileRef = CF7E865F202A44950014B787 /* HeaderController.swift */; };
		CF7E8664202B62A90014B787 /* R.swift in Sources */ = {isa = PBXBuildFile; fileRef = CF7E8663202B62A90014B787 /* R.swift */; };
		CF7E8669202B88570014B787 /* LoginViewController.swift in Sources */ = {isa = PBXBuildFile; fileRef = CF7E8667202B88570014B787 /* LoginViewController.swift */; };
		CF7E866A202B88570014B787 /* LoginViewController.xib in Resources */ = {isa = PBXBuildFile; fileRef = CF7E8668202B88570014B787 /* LoginViewController.xib */; };
		CF7E866E202CBA5B0014B787 /* ProductTemplate.xib in Resources */ = {isa = PBXBuildFile; fileRef = CF7E866D202CBA5B0014B787 /* ProductTemplate.xib */; };
		CF7E8670202CFB920014B787 /* ProductViewCell.swift in Sources */ = {isa = PBXBuildFile; fileRef = CF7E866F202CFB920014B787 /* ProductViewCell.swift */; };
		CF9231BE2035FEFD00D44BB6 /* MyAccInfoViewController.swift in Sources */ = {isa = PBXBuildFile; fileRef = CF9231BC2035FEFD00D44BB6 /* MyAccInfoViewController.swift */; };
		CF9231BF2035FEFD00D44BB6 /* MyAccInfoViewController.xib in Resources */ = {isa = PBXBuildFile; fileRef = CF9231BD2035FEFD00D44BB6 /* MyAccInfoViewController.xib */; };
		CF9231C22035FF2900D44BB6 /* MyAccAddrViewController.swift in Sources */ = {isa = PBXBuildFile; fileRef = CF9231C02035FF2900D44BB6 /* MyAccAddrViewController.swift */; };
		CF9231C32035FF2900D44BB6 /* MyAccAddrViewController.xib in Resources */ = {isa = PBXBuildFile; fileRef = CF9231C12035FF2900D44BB6 /* MyAccAddrViewController.xib */; };
		CF9231C62035FF4600D44BB6 /* MyAccOHViewController.swift in Sources */ = {isa = PBXBuildFile; fileRef = CF9231C42035FF4600D44BB6 /* MyAccOHViewController.swift */; };
		CF9231C72035FF4600D44BB6 /* MyAccOHViewController.xib in Resources */ = {isa = PBXBuildFile; fileRef = CF9231C52035FF4600D44BB6 /* MyAccOHViewController.xib */; };
		CF9231CA2035FF6000D44BB6 /* MyAccCSViewController.swift in Sources */ = {isa = PBXBuildFile; fileRef = CF9231C82035FF6000D44BB6 /* MyAccCSViewController.swift */; };
		CF9231CB2035FF6000D44BB6 /* MyAccCSViewController.xib in Resources */ = {isa = PBXBuildFile; fileRef = CF9231C92035FF6000D44BB6 /* MyAccCSViewController.xib */; };
		CFAFC088201F6DA1002CBC1B /* AppDelegate.swift in Sources */ = {isa = PBXBuildFile; fileRef = CFAFC087201F6DA1002CBC1B /* AppDelegate.swift */; };
		CFAFC08A201F6DA1002CBC1B /* ViewController.swift in Sources */ = {isa = PBXBuildFile; fileRef = CFAFC089201F6DA1002CBC1B /* ViewController.swift */; };
		CFAFC08D201F6DA1002CBC1B /* Main.storyboard in Resources */ = {isa = PBXBuildFile; fileRef = CFAFC08B201F6DA1002CBC1B /* Main.storyboard */; };
		CFAFC08F201F6DA1002CBC1B /* Assets.xcassets in Resources */ = {isa = PBXBuildFile; fileRef = CFAFC08E201F6DA1002CBC1B /* Assets.xcassets */; };
		CFAFC092201F6DA1002CBC1B /* LaunchScreen.storyboard in Resources */ = {isa = PBXBuildFile; fileRef = CFAFC090201F6DA1002CBC1B /* LaunchScreen.storyboard */; };
		CFAFC09D201F6DA1002CBC1B /* YumaAppTests.swift in Sources */ = {isa = PBXBuildFile; fileRef = CFAFC09C201F6DA1002CBC1B /* YumaAppTests.swift */; };
		CFAFC0A8201F6DA1002CBC1B /* YumaAppUITests.swift in Sources */ = {isa = PBXBuildFile; fileRef = CFAFC0A7201F6DA1002CBC1B /* YumaAppUITests.swift */; };
		CFAFC0B7201F7943002CBC1B /* FontAwesome.ttf in Resources */ = {isa = PBXBuildFile; fileRef = CFAFC0B6201F7943002CBC1B /* FontAwesome.ttf */; };
		CFAFC0EB201F9142002CBC1B /* Slides.swift in Sources */ = {isa = PBXBuildFile; fileRef = CFAFC0EA201F9142002CBC1B /* Slides.swift */; };
		CFAFC0ED201F9292002CBC1B /* IconPanel.swift in Sources */ = {isa = PBXBuildFile; fileRef = CFAFC0EC201F9292002CBC1B /* IconPanel.swift */; };
		CFF3CFB22034DB7800BEDEE4 /* AddressCollectionView.swift in Sources */ = {isa = PBXBuildFile; fileRef = CFF3CFB12034DB7800BEDEE4 /* AddressCollectionView.swift */; };
		CFF3CFB42034DC4300BEDEE4 /* AddressCollectionView.xib in Resources */ = {isa = PBXBuildFile; fileRef = CFF3CFB32034DC4300BEDEE4 /* AddressCollectionView.xib */; };
		CFF3CFB62034E48600BEDEE4 /* DataStore.swift in Sources */ = {isa = PBXBuildFile; fileRef = CFF3CFB52034E48600BEDEE4 /* DataStore.swift */; };
		CFF3CFB92035F00F00BEDEE4 /* MyAccountViewController.swift in Sources */ = {isa = PBXBuildFile; fileRef = CFF3CFB72035F00F00BEDEE4 /* MyAccountViewController.swift */; };
		CFF3CFBA2035F00F00BEDEE4 /* MyAccountViewController.xib in Resources */ = {isa = PBXBuildFile; fileRef = CFF3CFB82035F00F00BEDEE4 /* MyAccountViewController.xib */; };
/* End PBXBuildFile section */

/* Begin PBXContainerItemProxy section */
		CFAFC099201F6DA1002CBC1B /* PBXContainerItemProxy */ = {
			isa = PBXContainerItemProxy;
			containerPortal = CFAFC07C201F6DA1002CBC1B /* Project object */;
			proxyType = 1;
			remoteGlobalIDString = CFAFC083201F6DA1002CBC1B;
			remoteInfo = YumaApp;
		};
		CFAFC0A4201F6DA1002CBC1B /* PBXContainerItemProxy */ = {
			isa = PBXContainerItemProxy;
			containerPortal = CFAFC07C201F6DA1002CBC1B /* Project object */;
			proxyType = 1;
			remoteGlobalIDString = CFAFC083201F6DA1002CBC1B;
			remoteInfo = YumaApp;
		};
/* End PBXContainerItemProxy section */

/* Begin PBXFileReference section */
		057A747F0261C5418B078353 /* Pods-YumaApp.debug.xcconfig */ = {isa = PBXFileReference; includeInIndex = 1; lastKnownFileType = text.xcconfig; name = "Pods-YumaApp.debug.xcconfig"; path = "Pods/Target Support Files/Pods-YumaApp/Pods-YumaApp.debug.xcconfig"; sourceTree = "<group>"; };
		392768AA0A60F91FDDB5AB8B /* Pods-YumaAppTests.debug.xcconfig */ = {isa = PBXFileReference; includeInIndex = 1; lastKnownFileType = text.xcconfig; name = "Pods-YumaAppTests.debug.xcconfig"; path = "Pods/Target Support Files/Pods-YumaAppTests/Pods-YumaAppTests.debug.xcconfig"; sourceTree = "<group>"; };
		450FA0398939E6DB72DC86CF /* Pods_YumaAppTests.framework */ = {isa = PBXFileReference; explicitFileType = wrapper.framework; includeInIndex = 0; path = Pods_YumaAppTests.framework; sourceTree = BUILT_PRODUCTS_DIR; };
		4F16076F5CC5D486C6868E0A /* Pods-YumaAppTests.release.xcconfig */ = {isa = PBXFileReference; includeInIndex = 1; lastKnownFileType = text.xcconfig; name = "Pods-YumaAppTests.release.xcconfig"; path = "Pods/Target Support Files/Pods-YumaAppTests/Pods-YumaAppTests.release.xcconfig"; sourceTree = "<group>"; };
		5B61A020F0F62CB2AC7C5093 /* Pods-YumaAppUITests.release.xcconfig */ = {isa = PBXFileReference; includeInIndex = 1; lastKnownFileType = text.xcconfig; name = "Pods-YumaAppUITests.release.xcconfig"; path = "Pods/Target Support Files/Pods-YumaAppUITests/Pods-YumaAppUITests.release.xcconfig"; sourceTree = "<group>"; };
		5B7B38EA7A1928E4038B0A36 /* Pods_YumaAppUITests.framework */ = {isa = PBXFileReference; explicitFileType = wrapper.framework; includeInIndex = 0; path = Pods_YumaAppUITests.framework; sourceTree = BUILT_PRODUCTS_DIR; };
		7779EC198305B6B55E98D3CA /* Pods-YumaAppUITests.debug.xcconfig */ = {isa = PBXFileReference; includeInIndex = 1; lastKnownFileType = text.xcconfig; name = "Pods-YumaAppUITests.debug.xcconfig"; path = "Pods/Target Support Files/Pods-YumaAppUITests/Pods-YumaAppUITests.debug.xcconfig"; sourceTree = "<group>"; };
		AE1C6B3F93C3CDB25CE334C1 /* Pods-YumaApp.release.xcconfig */ = {isa = PBXFileReference; includeInIndex = 1; lastKnownFileType = text.xcconfig; name = "Pods-YumaApp.release.xcconfig"; path = "Pods/Target Support Files/Pods-YumaApp/Pods-YumaApp.release.xcconfig"; sourceTree = "<group>"; };
		C310D4D5AC23CE8E97C74431 /* Pods_YumaApp.framework */ = {isa = PBXFileReference; explicitFileType = wrapper.framework; includeInIndex = 0; path = Pods_YumaApp.framework; sourceTree = BUILT_PRODUCTS_DIR; };
		CF182DB32030C32C0070B9E5 /* LaptopsViewController.xib */ = {isa = PBXFileReference; lastKnownFileType = file.xib; path = LaptopsViewController.xib; sourceTree = "<group>"; };
		CF182DB52030F4C90070B9E5 /* GradientButton.swift */ = {isa = PBXFileReference; lastKnownFileType = sourcecode.swift; path = GradientButton.swift; sourceTree = "<group>"; };
		CF182DB72030F7FB0070B9E5 /* WebpageViewController.swift */ = {isa = PBXFileReference; lastKnownFileType = sourcecode.swift; path = WebpageViewController.swift; sourceTree = "<group>"; };
		CF182DB82030F7FB0070B9E5 /* WebpageViewController.xib */ = {isa = PBXFileReference; lastKnownFileType = file.xib; path = WebpageViewController.xib; sourceTree = "<group>"; };
		CF182DBB2031E8A90070B9E5 /* CollectionViewController.swift */ = {isa = PBXFileReference; lastKnownFileType = sourcecode.swift; path = CollectionViewController.swift; sourceTree = "<group>"; };
		CF182DBD2031EFE30070B9E5 /* CollectionViewCell.swift */ = {isa = PBXFileReference; lastKnownFileType = sourcecode.swift; path = CollectionViewCell.swift; sourceTree = "<group>"; };
		CF182DBF2031FA9E0070B9E5 /* Product.swift */ = {isa = PBXFileReference; lastKnownFileType = sourcecode.swift; path = Product.swift; sourceTree = "<group>"; };
		CF182DC3203219900070B9E5 /* CartsJSON.swift */ = {isa = PBXFileReference; lastKnownFileType = sourcecode.swift; path = CartsJSON.swift; sourceTree = "<group>"; };
		CF182DC720321DD70070B9E5 /* OrdersJSON.swift */ = {isa = PBXFileReference; lastKnownFileType = sourcecode.swift; path = OrdersJSON.swift; sourceTree = "<group>"; };
		CF182DCB20331DA00070B9E5 /* ProductsJSON.swift */ = {isa = PBXFileReference; lastKnownFileType = sourcecode.swift; path = ProductsJSON.swift; sourceTree = "<group>"; };
		CF182DCD203327880070B9E5 /* CustomerJSON.swift */ = {isa = PBXFileReference; lastKnownFileType = sourcecode.swift; path = CustomerJSON.swift; sourceTree = "<group>"; };
		CF182DCF203340E50070B9E5 /* PSWebServices.swift */ = {isa = PBXFileReference; lastKnownFileType = sourcecode.swift; path = PSWebServices.swift; sourceTree = "<group>"; };
		CF182DD1203344C00070B9E5 /* AddressesJSON.swift */ = {isa = PBXFileReference; lastKnownFileType = sourcecode.swift; path = AddressesJSON.swift; sourceTree = "<group>"; };
		CF182DD3203380B70070B9E5 /* ProductsMyFeeder.swift */ = {isa = PBXFileReference; lastKnownFileType = sourcecode.swift; path = ProductsMyFeeder.swift; sourceTree = "<group>"; };
		CF48A6A9202F3BE500FEEC7F /* LaptopsViewController.swift */ = {isa = PBXFileReference; lastKnownFileType = sourcecode.swift; path = LaptopsViewController.swift; sourceTree = "<group>"; };
		CF7E86332028F66E0014B787 /* en */ = {isa = PBXFileReference; lastKnownFileType = file.storyboard; name = en; path = en.lproj/Main.storyboard; sourceTree = "<group>"; };
		CF7E8634202908010014B787 /* PrintersViewController.swift */ = {isa = PBXFileReference; lastKnownFileType = sourcecode.swift; path = PrintersViewController.swift; sourceTree = "<group>"; };
		CF7E8635202908010014B787 /* PrintersViewController.xib */ = {isa = PBXFileReference; lastKnownFileType = file.xib; path = PrintersViewController.xib; sourceTree = "<group>"; };
		CF7E863820290D2B0014B787 /* fontAwesomeIcons.swift */ = {isa = PBXFileReference; lastKnownFileType = sourcecode.swift; path = fontAwesomeIcons.swift; sourceTree = "<group>"; };
		CF7E863A2029E83D0014B787 /* ContactUsViewController.swift */ = {isa = PBXFileReference; lastKnownFileType = sourcecode.swift; path = ContactUsViewController.swift; sourceTree = "<group>"; };
		CF7E863B2029E83D0014B787 /* ContactUsViewController.xib */ = {isa = PBXFileReference; lastKnownFileType = file.xib; path = ContactUsViewController.xib; sourceTree = "<group>"; };
		CF7E864B202A0FBA0014B787 /* countries.swift */ = {isa = PBXFileReference; lastKnownFileType = sourcecode.swift; path = countries.swift; sourceTree = "<group>"; };
		CF7E864D202A13440014B787 /* Names_Countries.swift */ = {isa = PBXFileReference; lastKnownFileType = sourcecode.swift; path = Names_Countries.swift; sourceTree = "<group>"; };
		CF7E865D202A42800014B787 /* HeaderView.xib */ = {isa = PBXFileReference; lastKnownFileType = file.xib; path = HeaderView.xib; sourceTree = "<group>"; };
		CF7E865F202A44950014B787 /* HeaderController.swift */ = {isa = PBXFileReference; lastKnownFileType = sourcecode.swift; path = HeaderController.swift; sourceTree = "<group>"; };
		CF7E8663202B62A90014B787 /* R.swift */ = {isa = PBXFileReference; lastKnownFileType = sourcecode.swift; path = R.swift; sourceTree = "<group>"; };
		CF7E8667202B88570014B787 /* LoginViewController.swift */ = {isa = PBXFileReference; lastKnownFileType = sourcecode.swift; path = LoginViewController.swift; sourceTree = "<group>"; };
		CF7E8668202B88570014B787 /* LoginViewController.xib */ = {isa = PBXFileReference; lastKnownFileType = file.xib; path = LoginViewController.xib; sourceTree = "<group>"; };
		CF7E866D202CBA5B0014B787 /* ProductTemplate.xib */ = {isa = PBXFileReference; lastKnownFileType = file.xib; path = ProductTemplate.xib; sourceTree = "<group>"; };
		CF7E866F202CFB920014B787 /* ProductViewCell.swift */ = {isa = PBXFileReference; lastKnownFileType = sourcecode.swift; path = ProductViewCell.swift; sourceTree = "<group>"; };
		CF7E8675202E1D860014B787 /* YumaApp.entitlements */ = {isa = PBXFileReference; lastKnownFileType = text.plist.entitlements; path = YumaApp.entitlements; sourceTree = "<group>"; };
		CF9231BC2035FEFD00D44BB6 /* MyAccInfoViewController.swift */ = {isa = PBXFileReference; lastKnownFileType = sourcecode.swift; path = MyAccInfoViewController.swift; sourceTree = "<group>"; };
		CF9231BD2035FEFD00D44BB6 /* MyAccInfoViewController.xib */ = {isa = PBXFileReference; lastKnownFileType = file.xib; path = MyAccInfoViewController.xib; sourceTree = "<group>"; };
		CF9231C02035FF2900D44BB6 /* MyAccAddrViewController.swift */ = {isa = PBXFileReference; lastKnownFileType = sourcecode.swift; path = MyAccAddrViewController.swift; sourceTree = "<group>"; };
		CF9231C12035FF2900D44BB6 /* MyAccAddrViewController.xib */ = {isa = PBXFileReference; lastKnownFileType = file.xib; path = MyAccAddrViewController.xib; sourceTree = "<group>"; };
		CF9231C42035FF4600D44BB6 /* MyAccOHViewController.swift */ = {isa = PBXFileReference; lastKnownFileType = sourcecode.swift; path = MyAccOHViewController.swift; sourceTree = "<group>"; };
		CF9231C52035FF4600D44BB6 /* MyAccOHViewController.xib */ = {isa = PBXFileReference; lastKnownFileType = file.xib; path = MyAccOHViewController.xib; sourceTree = "<group>"; };
		CF9231C82035FF6000D44BB6 /* MyAccCSViewController.swift */ = {isa = PBXFileReference; lastKnownFileType = sourcecode.swift; path = MyAccCSViewController.swift; sourceTree = "<group>"; };
		CF9231C92035FF6000D44BB6 /* MyAccCSViewController.xib */ = {isa = PBXFileReference; lastKnownFileType = file.xib; path = MyAccCSViewController.xib; sourceTree = "<group>"; };
		CFAFC084201F6DA1002CBC1B /* YumaApp.app */ = {isa = PBXFileReference; explicitFileType = wrapper.application; includeInIndex = 0; path = YumaApp.app; sourceTree = BUILT_PRODUCTS_DIR; };
		CFAFC087201F6DA1002CBC1B /* AppDelegate.swift */ = {isa = PBXFileReference; lastKnownFileType = sourcecode.swift; path = AppDelegate.swift; sourceTree = "<group>"; };
		CFAFC089201F6DA1002CBC1B /* ViewController.swift */ = {isa = PBXFileReference; lastKnownFileType = sourcecode.swift; path = ViewController.swift; sourceTree = "<group>"; };
		CFAFC08C201F6DA1002CBC1B /* Base */ = {isa = PBXFileReference; lastKnownFileType = file.storyboard; name = Base; path = Base.lproj/Main.storyboard; sourceTree = "<group>"; };
		CFAFC08E201F6DA1002CBC1B /* Assets.xcassets */ = {isa = PBXFileReference; lastKnownFileType = folder.assetcatalog; path = Assets.xcassets; sourceTree = "<group>"; };
		CFAFC091201F6DA1002CBC1B /* Base */ = {isa = PBXFileReference; lastKnownFileType = file.storyboard; name = Base; path = Base.lproj/LaunchScreen.storyboard; sourceTree = "<group>"; };
		CFAFC093201F6DA1002CBC1B /* Info.plist */ = {isa = PBXFileReference; lastKnownFileType = text.plist.xml; path = Info.plist; sourceTree = "<group>"; };
		CFAFC098201F6DA1002CBC1B /* YumaAppTests.xctest */ = {isa = PBXFileReference; explicitFileType = wrapper.cfbundle; includeInIndex = 0; path = YumaAppTests.xctest; sourceTree = BUILT_PRODUCTS_DIR; };
		CFAFC09C201F6DA1002CBC1B /* YumaAppTests.swift */ = {isa = PBXFileReference; lastKnownFileType = sourcecode.swift; path = YumaAppTests.swift; sourceTree = "<group>"; };
		CFAFC09E201F6DA1002CBC1B /* Info.plist */ = {isa = PBXFileReference; lastKnownFileType = text.plist.xml; path = Info.plist; sourceTree = "<group>"; };
		CFAFC0A3201F6DA1002CBC1B /* YumaAppUITests.xctest */ = {isa = PBXFileReference; explicitFileType = wrapper.cfbundle; includeInIndex = 0; path = YumaAppUITests.xctest; sourceTree = BUILT_PRODUCTS_DIR; };
		CFAFC0A7201F6DA1002CBC1B /* YumaAppUITests.swift */ = {isa = PBXFileReference; lastKnownFileType = sourcecode.swift; path = YumaAppUITests.swift; sourceTree = "<group>"; };
		CFAFC0A9201F6DA1002CBC1B /* Info.plist */ = {isa = PBXFileReference; lastKnownFileType = text.plist.xml; path = Info.plist; sourceTree = "<group>"; };
		CFAFC0B6201F7943002CBC1B /* FontAwesome.ttf */ = {isa = PBXFileReference; lastKnownFileType = file; path = FontAwesome.ttf; sourceTree = "<group>"; };
		CFAFC0EA201F9142002CBC1B /* Slides.swift */ = {isa = PBXFileReference; lastKnownFileType = sourcecode.swift; path = Slides.swift; sourceTree = "<group>"; };
		CFAFC0EC201F9292002CBC1B /* IconPanel.swift */ = {isa = PBXFileReference; lastKnownFileType = sourcecode.swift; path = IconPanel.swift; sourceTree = "<group>"; };
		CFF3CFB02034C48700BEDEE4 /* Eureka.framework */ = {isa = PBXFileReference; lastKnownFileType = wrapper.framework; name = Eureka.framework; path = "../../../../Users/yumausa/Library/Developer/Xcode/DerivedData/YumaApp-avolzrtwtmhajogusyiczqivwtce/Build/Products/Debug-iphoneos/Eureka.framework"; sourceTree = "<group>"; };
		CFF3CFB12034DB7800BEDEE4 /* AddressCollectionView.swift */ = {isa = PBXFileReference; lastKnownFileType = sourcecode.swift; path = AddressCollectionView.swift; sourceTree = "<group>"; };
		CFF3CFB32034DC4300BEDEE4 /* AddressCollectionView.xib */ = {isa = PBXFileReference; lastKnownFileType = file.xib; path = AddressCollectionView.xib; sourceTree = "<group>"; };
		CFF3CFB52034E48600BEDEE4 /* DataStore.swift */ = {isa = PBXFileReference; lastKnownFileType = sourcecode.swift; path = DataStore.swift; sourceTree = "<group>"; };
		CFF3CFB72035F00F00BEDEE4 /* MyAccountViewController.swift */ = {isa = PBXFileReference; lastKnownFileType = sourcecode.swift; path = MyAccountViewController.swift; sourceTree = "<group>"; };
		CFF3CFB82035F00F00BEDEE4 /* MyAccountViewController.xib */ = {isa = PBXFileReference; lastKnownFileType = file.xib; path = MyAccountViewController.xib; sourceTree = "<group>"; };
/* End PBXFileReference section */

/* Begin PBXFrameworksBuildPhase section */
		CFAFC081201F6DA1002CBC1B /* Frameworks */ = {
			isa = PBXFrameworksBuildPhase;
			buildActionMask = 2147483647;
			files = (
				905B9ADF2B12BF77F1CB7C8D /* Pods_YumaApp.framework in Frameworks */,
			);
			runOnlyForDeploymentPostprocessing = 0;
		};
		CFAFC095201F6DA1002CBC1B /* Frameworks */ = {
			isa = PBXFrameworksBuildPhase;
			buildActionMask = 2147483647;
			files = (
				77AEFEB52CCED4506475D0A9 /* Pods_YumaAppTests.framework in Frameworks */,
			);
			runOnlyForDeploymentPostprocessing = 0;
		};
		CFAFC0A0201F6DA1002CBC1B /* Frameworks */ = {
			isa = PBXFrameworksBuildPhase;
			buildActionMask = 2147483647;
			files = (
				A476738C515BD60BDC29B509 /* Pods_YumaAppUITests.framework in Frameworks */,
			);
			runOnlyForDeploymentPostprocessing = 0;
		};
/* End PBXFrameworksBuildPhase section */

/* Begin PBXGroup section */
		015ADD46E14F669CF22CA313 /* Pods */ = {
			isa = PBXGroup;
			children = (
				057A747F0261C5418B078353 /* Pods-YumaApp.debug.xcconfig */,
				AE1C6B3F93C3CDB25CE334C1 /* Pods-YumaApp.release.xcconfig */,
				392768AA0A60F91FDDB5AB8B /* Pods-YumaAppTests.debug.xcconfig */,
				4F16076F5CC5D486C6868E0A /* Pods-YumaAppTests.release.xcconfig */,
				7779EC198305B6B55E98D3CA /* Pods-YumaAppUITests.debug.xcconfig */,
				5B61A020F0F62CB2AC7C5093 /* Pods-YumaAppUITests.release.xcconfig */,
			);
			name = Pods;
			sourceTree = "<group>";
		};
		28DB1A0CACEC912941C15AC3 /* Frameworks */ = {
			isa = PBXGroup;
			children = (
				CFF3CFB02034C48700BEDEE4 /* Eureka.framework */,
				C310D4D5AC23CE8E97C74431 /* Pods_YumaApp.framework */,
				450FA0398939E6DB72DC86CF /* Pods_YumaAppTests.framework */,
				5B7B38EA7A1928E4038B0A36 /* Pods_YumaAppUITests.framework */,
			);
			name = Frameworks;
			sourceTree = "<group>";
		};
		CF182DC1203205F80070B9E5 /* Controls */ = {
			isa = PBXGroup;
			children = (
				CF182DBB2031E8A90070B9E5 /* CollectionViewController.swift */,
				CF182DB52030F4C90070B9E5 /* GradientButton.swift */,
				CF182DCF203340E50070B9E5 /* PSWebServices.swift */,
			);
			path = Controls;
			sourceTree = "<group>";
		};
		CF182DC22032064E0070B9E5 /* unused */ = {
			isa = PBXGroup;
			children = (
				CF182DBD2031EFE30070B9E5 /* CollectionViewCell.swift */,
			);
			path = unused;
			sourceTree = "<group>";
		};
		CF7E863E2029EA760014B787 /* Views */ = {
			isa = PBXGroup;
			children = (
				CFF3CFB12034DB7800BEDEE4 /* AddressCollectionView.swift */,
				CF7E865F202A44950014B787 /* HeaderController.swift */,
				CF7E865D202A42800014B787 /* HeaderView.xib */,
				CF7E866F202CFB920014B787 /* ProductViewCell.swift */,
				CF7E866D202CBA5B0014B787 /* ProductTemplate.xib */,
				CF7E8634202908010014B787 /* PrintersViewController.swift */,
				CF7E8635202908010014B787 /* PrintersViewController.xib */,
				CF7E863A2029E83D0014B787 /* ContactUsViewController.swift */,
				CF7E863B2029E83D0014B787 /* ContactUsViewController.xib */,
				CF7E8667202B88570014B787 /* LoginViewController.swift */,
				CF7E8668202B88570014B787 /* LoginViewController.xib */,
				CF48A6A9202F3BE500FEEC7F /* LaptopsViewController.swift */,
				CF182DB32030C32C0070B9E5 /* LaptopsViewController.xib */,
				CF182DB72030F7FB0070B9E5 /* WebpageViewController.swift */,
				CF182DB82030F7FB0070B9E5 /* WebpageViewController.xib */,
				CFF3CFB32034DC4300BEDEE4 /* AddressCollectionView.xib */,
				CFF3CFB52034E48600BEDEE4 /* DataStore.swift */,
				CFF3CFB72035F00F00BEDEE4 /* MyAccountViewController.swift */,
				CFF3CFB82035F00F00BEDEE4 /* MyAccountViewController.xib */,
				CF9231BC2035FEFD00D44BB6 /* MyAccInfoViewController.swift */,
				CF9231BD2035FEFD00D44BB6 /* MyAccInfoViewController.xib */,
				CF9231C02035FF2900D44BB6 /* MyAccAddrViewController.swift */,
				CF9231C12035FF2900D44BB6 /* MyAccAddrViewController.xib */,
				CF9231C42035FF4600D44BB6 /* MyAccOHViewController.swift */,
				CF9231C52035FF4600D44BB6 /* MyAccOHViewController.xib */,
				CF9231C82035FF6000D44BB6 /* MyAccCSViewController.swift */,
				CF9231C92035FF6000D44BB6 /* MyAccCSViewController.xib */,
			);
			path = Views;
			sourceTree = "<group>";
		};
		CFAFC07B201F6DA1002CBC1B = {
			isa = PBXGroup;
			children = (
				CF7E8663202B62A90014B787 /* R.swift */,
				CFAFC086201F6DA1002CBC1B /* YumaApp */,
				CFAFC09B201F6DA1002CBC1B /* YumaAppTests */,
				CFAFC0A6201F6DA1002CBC1B /* YumaAppUITests */,
				CFAFC085201F6DA1002CBC1B /* Products */,
				015ADD46E14F669CF22CA313 /* Pods */,
				28DB1A0CACEC912941C15AC3 /* Frameworks */,
			);
			sourceTree = "<group>";
		};
		CFAFC085201F6DA1002CBC1B /* Products */ = {
			isa = PBXGroup;
			children = (
				CFAFC084201F6DA1002CBC1B /* YumaApp.app */,
				CFAFC098201F6DA1002CBC1B /* YumaAppTests.xctest */,
				CFAFC0A3201F6DA1002CBC1B /* YumaAppUITests.xctest */,
			);
			name = Products;
			sourceTree = "<group>";
		};
		CFAFC086201F6DA1002CBC1B /* YumaApp */ = {
			isa = PBXGroup;
			children = (
				CF7E8675202E1D860014B787 /* YumaApp.entitlements */,
				CFAFC087201F6DA1002CBC1B /* AppDelegate.swift */,
				CFAFC089201F6DA1002CBC1B /* ViewController.swift */,
				CFAFC08B201F6DA1002CBC1B /* Main.storyboard */,
				CFAFC08E201F6DA1002CBC1B /* Assets.xcassets */,
				CFAFC090201F6DA1002CBC1B /* LaunchScreen.storyboard */,
				CFAFC093201F6DA1002CBC1B /* Info.plist */,
				CF7E863E2029EA760014B787 /* Views */,
				CF182DC1203205F80070B9E5 /* Controls */,
				CFAFC0E9201F911D002CBC1B /* Models */,
				CFAFC0B5201F7857002CBC1B /* Fonts */,
				CF182DC22032064E0070B9E5 /* unused */,
			);
			path = YumaApp;
			sourceTree = "<group>";
		};
		CFAFC09B201F6DA1002CBC1B /* YumaAppTests */ = {
			isa = PBXGroup;
			children = (
				CFAFC09C201F6DA1002CBC1B /* YumaAppTests.swift */,
				CFAFC09E201F6DA1002CBC1B /* Info.plist */,
			);
			path = YumaAppTests;
			sourceTree = "<group>";
		};
		CFAFC0A6201F6DA1002CBC1B /* YumaAppUITests */ = {
			isa = PBXGroup;
			children = (
				CFAFC0A7201F6DA1002CBC1B /* YumaAppUITests.swift */,
				CFAFC0A9201F6DA1002CBC1B /* Info.plist */,
			);
			path = YumaAppUITests;
			sourceTree = "<group>";
		};
		CFAFC0B5201F7857002CBC1B /* Fonts */ = {
			isa = PBXGroup;
			children = (
				CF7E863820290D2B0014B787 /* fontAwesomeIcons.swift */,
				CFAFC0B6201F7943002CBC1B /* FontAwesome.ttf */,
			);
			path = Fonts;
			sourceTree = "<group>";
		};
		CFAFC0E9201F911D002CBC1B /* Models */ = {
			isa = PBXGroup;
			children = (
				CFAFC0EA201F9142002CBC1B /* Slides.swift */,
				CFAFC0EC201F9292002CBC1B /* IconPanel.swift */,
				CF7E864B202A0FBA0014B787 /* countries.swift */,
				CF7E864D202A13440014B787 /* Names_Countries.swift */,
				CF182DBF2031FA9E0070B9E5 /* Product.swift */,
				CF182DC3203219900070B9E5 /* CartsJSON.swift */,
				CF182DC720321DD70070B9E5 /* OrdersJSON.swift */,
				CF182DCB20331DA00070B9E5 /* ProductsJSON.swift */,
				CF182DCD203327880070B9E5 /* CustomerJSON.swift */,
				CF182DD1203344C00070B9E5 /* AddressesJSON.swift */,
				CF182DD3203380B70070B9E5 /* ProductsMyFeeder.swift */,
			);
			path = Models;
			sourceTree = "<group>";
		};
/* End PBXGroup section */

/* Begin PBXNativeTarget section */
		CFAFC083201F6DA1002CBC1B /* YumaApp */ = {
			isa = PBXNativeTarget;
			buildConfigurationList = CFAFC0AC201F6DA1002CBC1B /* Build configuration list for PBXNativeTarget "YumaApp" */;
			buildPhases = (
				15784A9F3066C5EC026E8F57 /* [CP] Check Pods Manifest.lock */,
				CFAFC080201F6DA1002CBC1B /* Sources */,
				CFAFC081201F6DA1002CBC1B /* Frameworks */,
				CFAFC082201F6DA1002CBC1B /* Resources */,
				D6AFC8110EC5A5A664BEAB02 /* [CP] Embed Pods Frameworks */,
				BDDE96B069BD7EF930801DFC /* [CP] Copy Pods Resources */,
			);
			buildRules = (
			);
			dependencies = (
			);
			name = YumaApp;
			productName = YumaApp;
			productReference = CFAFC084201F6DA1002CBC1B /* YumaApp.app */;
			productType = "com.apple.product-type.application";
		};
		CFAFC097201F6DA1002CBC1B /* YumaAppTests */ = {
			isa = PBXNativeTarget;
			buildConfigurationList = CFAFC0AF201F6DA1002CBC1B /* Build configuration list for PBXNativeTarget "YumaAppTests" */;
			buildPhases = (
				7CC52F587C44702D969AA467 /* [CP] Check Pods Manifest.lock */,
				CFAFC094201F6DA1002CBC1B /* Sources */,
				CFAFC095201F6DA1002CBC1B /* Frameworks */,
				CFAFC096201F6DA1002CBC1B /* Resources */,
				87D8AF0704538539E140DB4C /* [CP] Embed Pods Frameworks */,
				C2C087027B4AB483337C6D86 /* [CP] Copy Pods Resources */,
			);
			buildRules = (
			);
			dependencies = (
				CFAFC09A201F6DA1002CBC1B /* PBXTargetDependency */,
			);
			name = YumaAppTests;
			productName = YumaAppTests;
			productReference = CFAFC098201F6DA1002CBC1B /* YumaAppTests.xctest */;
			productType = "com.apple.product-type.bundle.unit-test";
		};
		CFAFC0A2201F6DA1002CBC1B /* YumaAppUITests */ = {
			isa = PBXNativeTarget;
			buildConfigurationList = CFAFC0B2201F6DA1002CBC1B /* Build configuration list for PBXNativeTarget "YumaAppUITests" */;
			buildPhases = (
				28888132D54E7A45635E9F91 /* [CP] Check Pods Manifest.lock */,
				CFAFC09F201F6DA1002CBC1B /* Sources */,
				CFAFC0A0201F6DA1002CBC1B /* Frameworks */,
				CFAFC0A1201F6DA1002CBC1B /* Resources */,
				1261E962EF387282181461AD /* [CP] Embed Pods Frameworks */,
				0904CA2E46F8DCAA71017A33 /* [CP] Copy Pods Resources */,
			);
			buildRules = (
			);
			dependencies = (
				CFAFC0A5201F6DA1002CBC1B /* PBXTargetDependency */,
			);
			name = YumaAppUITests;
			productName = YumaAppUITests;
			productReference = CFAFC0A3201F6DA1002CBC1B /* YumaAppUITests.xctest */;
			productType = "com.apple.product-type.bundle.ui-testing";
		};
/* End PBXNativeTarget section */

/* Begin PBXProject section */
		CFAFC07C201F6DA1002CBC1B /* Project object */ = {
			isa = PBXProject;
			attributes = {
				LastSwiftUpdateCheck = 0920;
				LastUpgradeCheck = 0920;
				ORGANIZATIONNAME = "Yuma Usa";
				TargetAttributes = {
					CFAFC083201F6DA1002CBC1B = {
						CreatedOnToolsVersion = 9.2;
						ProvisioningStyle = Automatic;
						SystemCapabilities = {
							com.apple.BackgroundModes = {
								enabled = 0;
							};
							com.apple.HomeKit = {
								enabled = 0;
							};
							com.apple.Maps.iOS = {
								enabled = 0;
							};
							com.apple.WAC = {
								enabled = 0;
							};
						};
					};
					CFAFC097201F6DA1002CBC1B = {
						CreatedOnToolsVersion = 9.2;
						ProvisioningStyle = Automatic;
						TestTargetID = CFAFC083201F6DA1002CBC1B;
					};
					CFAFC0A2201F6DA1002CBC1B = {
						CreatedOnToolsVersion = 9.2;
						ProvisioningStyle = Automatic;
						TestTargetID = CFAFC083201F6DA1002CBC1B;
					};
				};
			};
			buildConfigurationList = CFAFC07F201F6DA1002CBC1B /* Build configuration list for PBXProject "YumaApp" */;
			compatibilityVersion = "Xcode 8.0";
			developmentRegion = en;
			hasScannedForEncodings = 0;
			knownRegions = (
				en,
				Base,
			);
			mainGroup = CFAFC07B201F6DA1002CBC1B;
			productRefGroup = CFAFC085201F6DA1002CBC1B /* Products */;
			projectDirPath = "";
			projectRoot = "";
			targets = (
				CFAFC083201F6DA1002CBC1B /* YumaApp */,
				CFAFC097201F6DA1002CBC1B /* YumaAppTests */,
				CFAFC0A2201F6DA1002CBC1B /* YumaAppUITests */,
			);
		};
/* End PBXProject section */

/* Begin PBXResourcesBuildPhase section */
		CFAFC082201F6DA1002CBC1B /* Resources */ = {
			isa = PBXResourcesBuildPhase;
			buildActionMask = 2147483647;
			files = (
				CFAFC092201F6DA1002CBC1B /* LaunchScreen.storyboard in Resources */,
				CF7E866E202CBA5B0014B787 /* ProductTemplate.xib in Resources */,
				CF9231C32035FF2900D44BB6 /* MyAccAddrViewController.xib in Resources */,
				CF9231BF2035FEFD00D44BB6 /* MyAccInfoViewController.xib in Resources */,
				CFAFC08F201F6DA1002CBC1B /* Assets.xcassets in Resources */,
				CFF3CFBA2035F00F00BEDEE4 /* MyAccountViewController.xib in Resources */,
				CFAFC08D201F6DA1002CBC1B /* Main.storyboard in Resources */,
				CF7E863D2029E83D0014B787 /* ContactUsViewController.xib in Resources */,
				CFAFC0B7201F7943002CBC1B /* FontAwesome.ttf in Resources */,
				CF182DB42030C32C0070B9E5 /* LaptopsViewController.xib in Resources */,
				CF182DBA2030F7FB0070B9E5 /* WebpageViewController.xib in Resources */,
				CF7E8637202908010014B787 /* PrintersViewController.xib in Resources */,
				CF9231CB2035FF6000D44BB6 /* MyAccCSViewController.xib in Resources */,
				CFF3CFB42034DC4300BEDEE4 /* AddressCollectionView.xib in Resources */,
				CF9231C72035FF4600D44BB6 /* MyAccOHViewController.xib in Resources */,
				CF7E865E202A42800014B787 /* HeaderView.xib in Resources */,
				CF7E866A202B88570014B787 /* LoginViewController.xib in Resources */,
			);
			runOnlyForDeploymentPostprocessing = 0;
		};
		CFAFC096201F6DA1002CBC1B /* Resources */ = {
			isa = PBXResourcesBuildPhase;
			buildActionMask = 2147483647;
			files = (
			);
			runOnlyForDeploymentPostprocessing = 0;
		};
		CFAFC0A1201F6DA1002CBC1B /* Resources */ = {
			isa = PBXResourcesBuildPhase;
			buildActionMask = 2147483647;
			files = (
			);
			runOnlyForDeploymentPostprocessing = 0;
		};
/* End PBXResourcesBuildPhase section */

/* Begin PBXShellScriptBuildPhase section */
		0904CA2E46F8DCAA71017A33 /* [CP] Copy Pods Resources */ = {
			isa = PBXShellScriptBuildPhase;
			buildActionMask = 2147483647;
			files = (
			);
			inputPaths = (
			);
			name = "[CP] Copy Pods Resources";
			outputPaths = (
			);
			runOnlyForDeploymentPostprocessing = 0;
			shellPath = /bin/sh;
			shellScript = "\"${SRCROOT}/Pods/Target Support Files/Pods-YumaAppUITests/Pods-YumaAppUITests-resources.sh\"\n";
			showEnvVarsInLog = 0;
		};
		1261E962EF387282181461AD /* [CP] Embed Pods Frameworks */ = {
			isa = PBXShellScriptBuildPhase;
			buildActionMask = 2147483647;
			files = (
			);
			inputPaths = (
			);
			name = "[CP] Embed Pods Frameworks";
			outputPaths = (
			);
			runOnlyForDeploymentPostprocessing = 0;
			shellPath = /bin/sh;
			shellScript = "\"${SRCROOT}/Pods/Target Support Files/Pods-YumaAppUITests/Pods-YumaAppUITests-frameworks.sh\"\n";
			showEnvVarsInLog = 0;
		};
		15784A9F3066C5EC026E8F57 /* [CP] Check Pods Manifest.lock */ = {
			isa = PBXShellScriptBuildPhase;
			buildActionMask = 2147483647;
			files = (
			);
			inputPaths = (
				"${PODS_PODFILE_DIR_PATH}/Podfile.lock",
				"${PODS_ROOT}/Manifest.lock",
			);
			name = "[CP] Check Pods Manifest.lock";
			outputPaths = (
				"$(DERIVED_FILE_DIR)/Pods-YumaApp-checkManifestLockResult.txt",
			);
			runOnlyForDeploymentPostprocessing = 0;
			shellPath = /bin/sh;
			shellScript = "diff \"${PODS_PODFILE_DIR_PATH}/Podfile.lock\" \"${PODS_ROOT}/Manifest.lock\" > /dev/null\nif [ $? != 0 ] ; then\n    # print error to STDERR\n    echo \"error: The sandbox is not in sync with the Podfile.lock. Run 'pod install' or update your CocoaPods installation.\" >&2\n    exit 1\nfi\n# This output is used by Xcode 'outputs' to avoid re-running this script phase.\necho \"SUCCESS\" > \"${SCRIPT_OUTPUT_FILE_0}\"\n";
			showEnvVarsInLog = 0;
		};
		28888132D54E7A45635E9F91 /* [CP] Check Pods Manifest.lock */ = {
			isa = PBXShellScriptBuildPhase;
			buildActionMask = 2147483647;
			files = (
			);
			inputPaths = (
				"${PODS_PODFILE_DIR_PATH}/Podfile.lock",
				"${PODS_ROOT}/Manifest.lock",
			);
			name = "[CP] Check Pods Manifest.lock";
			outputPaths = (
				"$(DERIVED_FILE_DIR)/Pods-YumaAppUITests-checkManifestLockResult.txt",
			);
			runOnlyForDeploymentPostprocessing = 0;
			shellPath = /bin/sh;
			shellScript = "diff \"${PODS_PODFILE_DIR_PATH}/Podfile.lock\" \"${PODS_ROOT}/Manifest.lock\" > /dev/null\nif [ $? != 0 ] ; then\n    # print error to STDERR\n    echo \"error: The sandbox is not in sync with the Podfile.lock. Run 'pod install' or update your CocoaPods installation.\" >&2\n    exit 1\nfi\n# This output is used by Xcode 'outputs' to avoid re-running this script phase.\necho \"SUCCESS\" > \"${SCRIPT_OUTPUT_FILE_0}\"\n";
			showEnvVarsInLog = 0;
		};
		7CC52F587C44702D969AA467 /* [CP] Check Pods Manifest.lock */ = {
			isa = PBXShellScriptBuildPhase;
			buildActionMask = 2147483647;
			files = (
			);
			inputPaths = (
				"${PODS_PODFILE_DIR_PATH}/Podfile.lock",
				"${PODS_ROOT}/Manifest.lock",
			);
			name = "[CP] Check Pods Manifest.lock";
			outputPaths = (
				"$(DERIVED_FILE_DIR)/Pods-YumaAppTests-checkManifestLockResult.txt",
			);
			runOnlyForDeploymentPostprocessing = 0;
			shellPath = /bin/sh;
			shellScript = "diff \"${PODS_PODFILE_DIR_PATH}/Podfile.lock\" \"${PODS_ROOT}/Manifest.lock\" > /dev/null\nif [ $? != 0 ] ; then\n    # print error to STDERR\n    echo \"error: The sandbox is not in sync with the Podfile.lock. Run 'pod install' or update your CocoaPods installation.\" >&2\n    exit 1\nfi\n# This output is used by Xcode 'outputs' to avoid re-running this script phase.\necho \"SUCCESS\" > \"${SCRIPT_OUTPUT_FILE_0}\"\n";
			showEnvVarsInLog = 0;
		};
		87D8AF0704538539E140DB4C /* [CP] Embed Pods Frameworks */ = {
			isa = PBXShellScriptBuildPhase;
			buildActionMask = 2147483647;
			files = (
			);
			inputPaths = (
			);
			name = "[CP] Embed Pods Frameworks";
			outputPaths = (
			);
			runOnlyForDeploymentPostprocessing = 0;
			shellPath = /bin/sh;
			shellScript = "\"${SRCROOT}/Pods/Target Support Files/Pods-YumaAppTests/Pods-YumaAppTests-frameworks.sh\"\n";
			showEnvVarsInLog = 0;
		};
		BDDE96B069BD7EF930801DFC /* [CP] Copy Pods Resources */ = {
			isa = PBXShellScriptBuildPhase;
			buildActionMask = 2147483647;
			files = (
			);
			inputPaths = (
			);
			name = "[CP] Copy Pods Resources";
			outputPaths = (
			);
			runOnlyForDeploymentPostprocessing = 0;
			shellPath = /bin/sh;
			shellScript = "\"${SRCROOT}/Pods/Target Support Files/Pods-YumaApp/Pods-YumaApp-resources.sh\"\n";
			showEnvVarsInLog = 0;
		};
		C2C087027B4AB483337C6D86 /* [CP] Copy Pods Resources */ = {
			isa = PBXShellScriptBuildPhase;
			buildActionMask = 2147483647;
			files = (
			);
			inputPaths = (
			);
			name = "[CP] Copy Pods Resources";
			outputPaths = (
			);
			runOnlyForDeploymentPostprocessing = 0;
			shellPath = /bin/sh;
			shellScript = "\"${SRCROOT}/Pods/Target Support Files/Pods-YumaAppTests/Pods-YumaAppTests-resources.sh\"\n";
			showEnvVarsInLog = 0;
		};
		D6AFC8110EC5A5A664BEAB02 /* [CP] Embed Pods Frameworks */ = {
			isa = PBXShellScriptBuildPhase;
			buildActionMask = 2147483647;
			files = (
			);
			inputPaths = (
				"${SRCROOT}/Pods/Target Support Files/Pods-YumaApp/Pods-YumaApp-frameworks.sh",
				"${BUILT_PRODUCTS_DIR}/Eureka/Eureka.framework",
			);
			name = "[CP] Embed Pods Frameworks";
			outputPaths = (
				"${TARGET_BUILD_DIR}/${FRAMEWORKS_FOLDER_PATH}/Eureka.framework",
			);
			runOnlyForDeploymentPostprocessing = 0;
			shellPath = /bin/sh;
			shellScript = "\"${SRCROOT}/Pods/Target Support Files/Pods-YumaApp/Pods-YumaApp-frameworks.sh\"\n";
			showEnvVarsInLog = 0;
		};
/* End PBXShellScriptBuildPhase section */

/* Begin PBXSourcesBuildPhase section */
		CFAFC080201F6DA1002CBC1B /* Sources */ = {
			isa = PBXSourcesBuildPhase;
			buildActionMask = 2147483647;
			files = (
				CF182DBC2031E8A90070B9E5 /* CollectionViewController.swift in Sources */,
				CFF3CFB92035F00F00BEDEE4 /* MyAccountViewController.swift in Sources */,
				CF7E8664202B62A90014B787 /* R.swift in Sources */,
				CF9231CA2035FF6000D44BB6 /* MyAccCSViewController.swift in Sources */,
				CFAFC08A201F6DA1002CBC1B /* ViewController.swift in Sources */,
				CF7E863920290D2B0014B787 /* fontAwesomeIcons.swift in Sources */,
				CFAFC0EB201F9142002CBC1B /* Slides.swift in Sources */,
				CF9231BE2035FEFD00D44BB6 /* MyAccInfoViewController.swift in Sources */,
				CFAFC0ED201F9292002CBC1B /* IconPanel.swift in Sources */,
				CF182DD2203344C00070B9E5 /* AddressesJSON.swift in Sources */,
				CFAFC088201F6DA1002CBC1B /* AppDelegate.swift in Sources */,
				CFF3CFB22034DB7800BEDEE4 /* AddressCollectionView.swift in Sources */,
				CF182DC820321DD70070B9E5 /* OrdersJSON.swift in Sources */,
				CF7E864C202A0FBA0014B787 /* countries.swift in Sources */,
				CF7E8660202A44950014B787 /* HeaderController.swift in Sources */,
				CF182DBE2031EFE30070B9E5 /* CollectionViewCell.swift in Sources */,
				CF182DD0203340E50070B9E5 /* PSWebServices.swift in Sources */,
				CF182DB92030F7FB0070B9E5 /* WebpageViewController.swift in Sources */,
				CF182DB62030F4C90070B9E5 /* GradientButton.swift in Sources */,
				CFF3CFB62034E48600BEDEE4 /* DataStore.swift in Sources */,
				CF7E863C2029E83D0014B787 /* ContactUsViewController.swift in Sources */,
				CF182DD4203380B70070B9E5 /* ProductsMyFeeder.swift in Sources */,
				CF7E8670202CFB920014B787 /* ProductViewCell.swift in Sources */,
				CF182DCC20331DA00070B9E5 /* ProductsJSON.swift in Sources */,
				CF182DCE203327880070B9E5 /* CustomerJSON.swift in Sources */,
				CF7E8636202908010014B787 /* PrintersViewController.swift in Sources */,
				CF7E8669202B88570014B787 /* LoginViewController.swift in Sources */,
				CF182DC02031FA9E0070B9E5 /* Product.swift in Sources */,
				CF7E864E202A13440014B787 /* Names_Countries.swift in Sources */,
				CF182DC4203219900070B9E5 /* CartsJSON.swift in Sources */,
				CF48A6AA202F3BE500FEEC7F /* LaptopsViewController.swift in Sources */,
				CF9231C62035FF4600D44BB6 /* MyAccOHViewController.swift in Sources */,
				CF9231C22035FF2900D44BB6 /* MyAccAddrViewController.swift in Sources */,
			);
			runOnlyForDeploymentPostprocessing = 0;
		};
		CFAFC094201F6DA1002CBC1B /* Sources */ = {
			isa = PBXSourcesBuildPhase;
			buildActionMask = 2147483647;
			files = (
				CFAFC09D201F6DA1002CBC1B /* YumaAppTests.swift in Sources */,
			);
			runOnlyForDeploymentPostprocessing = 0;
		};
		CFAFC09F201F6DA1002CBC1B /* Sources */ = {
			isa = PBXSourcesBuildPhase;
			buildActionMask = 2147483647;
			files = (
				CFAFC0A8201F6DA1002CBC1B /* YumaAppUITests.swift in Sources */,
			);
			runOnlyForDeploymentPostprocessing = 0;
		};
/* End PBXSourcesBuildPhase section */

/* Begin PBXTargetDependency section */
		CFAFC09A201F6DA1002CBC1B /* PBXTargetDependency */ = {
			isa = PBXTargetDependency;
			target = CFAFC083201F6DA1002CBC1B /* YumaApp */;
			targetProxy = CFAFC099201F6DA1002CBC1B /* PBXContainerItemProxy */;
		};
		CFAFC0A5201F6DA1002CBC1B /* PBXTargetDependency */ = {
			isa = PBXTargetDependency;
			target = CFAFC083201F6DA1002CBC1B /* YumaApp */;
			targetProxy = CFAFC0A4201F6DA1002CBC1B /* PBXContainerItemProxy */;
		};
/* End PBXTargetDependency section */

/* Begin PBXVariantGroup section */
		CFAFC08B201F6DA1002CBC1B /* Main.storyboard */ = {
			isa = PBXVariantGroup;
			children = (
				CFAFC08C201F6DA1002CBC1B /* Base */,
				CF7E86332028F66E0014B787 /* en */,
			);
			name = Main.storyboard;
			sourceTree = "<group>";
		};
		CFAFC090201F6DA1002CBC1B /* LaunchScreen.storyboard */ = {
			isa = PBXVariantGroup;
			children = (
				CFAFC091201F6DA1002CBC1B /* Base */,
			);
			name = LaunchScreen.storyboard;
			sourceTree = "<group>";
		};
/* End PBXVariantGroup section */

/* Begin XCBuildConfiguration section */
		CFAFC0AA201F6DA1002CBC1B /* Debug */ = {
			isa = XCBuildConfiguration;
			buildSettings = {
				ALWAYS_SEARCH_USER_PATHS = NO;
				CLANG_ANALYZER_NONNULL = YES;
				CLANG_ANALYZER_NUMBER_OBJECT_CONVERSION = YES_AGGRESSIVE;
				CLANG_CXX_LANGUAGE_STANDARD = "gnu++14";
				CLANG_CXX_LIBRARY = "libc++";
				CLANG_ENABLE_MODULES = YES;
				CLANG_ENABLE_OBJC_ARC = YES;
				CLANG_WARN_BLOCK_CAPTURE_AUTORELEASING = YES;
				CLANG_WARN_BOOL_CONVERSION = YES;
				CLANG_WARN_COMMA = YES;
				CLANG_WARN_CONSTANT_CONVERSION = YES;
				CLANG_WARN_DIRECT_OBJC_ISA_USAGE = YES_ERROR;
				CLANG_WARN_DOCUMENTATION_COMMENTS = YES;
				CLANG_WARN_EMPTY_BODY = YES;
				CLANG_WARN_ENUM_CONVERSION = YES;
				CLANG_WARN_INFINITE_RECURSION = YES;
				CLANG_WARN_INT_CONVERSION = YES;
				CLANG_WARN_NON_LITERAL_NULL_CONVERSION = YES;
				CLANG_WARN_OBJC_LITERAL_CONVERSION = YES;
				CLANG_WARN_OBJC_ROOT_CLASS = YES_ERROR;
				CLANG_WARN_RANGE_LOOP_ANALYSIS = YES;
				CLANG_WARN_STRICT_PROTOTYPES = YES;
				CLANG_WARN_SUSPICIOUS_MOVE = YES;
				CLANG_WARN_UNGUARDED_AVAILABILITY = YES_AGGRESSIVE;
				CLANG_WARN_UNREACHABLE_CODE = YES;
				CLANG_WARN__DUPLICATE_METHOD_MATCH = YES;
				CODE_SIGN_IDENTITY = "iPhone Developer";
				COPY_PHASE_STRIP = NO;
				DEBUG_INFORMATION_FORMAT = dwarf;
				ENABLE_STRICT_OBJC_MSGSEND = YES;
				ENABLE_TESTABILITY = YES;
				GCC_C_LANGUAGE_STANDARD = gnu11;
				GCC_DYNAMIC_NO_PIC = NO;
				GCC_NO_COMMON_BLOCKS = YES;
				GCC_OPTIMIZATION_LEVEL = 0;
				GCC_PREPROCESSOR_DEFINITIONS = (
					"DEBUG=1",
					"$(inherited)",
				);
				GCC_WARN_64_TO_32_BIT_CONVERSION = YES;
				GCC_WARN_ABOUT_RETURN_TYPE = YES_ERROR;
				GCC_WARN_UNDECLARED_SELECTOR = YES;
				GCC_WARN_UNINITIALIZED_AUTOS = YES_AGGRESSIVE;
				GCC_WARN_UNUSED_FUNCTION = YES;
				GCC_WARN_UNUSED_VARIABLE = YES;
				IPHONEOS_DEPLOYMENT_TARGET = 11.2;
				MTL_ENABLE_DEBUG_INFO = YES;
				ONLY_ACTIVE_ARCH = YES;
				SDKROOT = iphoneos;
				SWIFT_ACTIVE_COMPILATION_CONDITIONS = DEBUG;
				SWIFT_OPTIMIZATION_LEVEL = "-Onone";
			};
			name = Debug;
		};
		CFAFC0AB201F6DA1002CBC1B /* Release */ = {
			isa = XCBuildConfiguration;
			buildSettings = {
				ALWAYS_SEARCH_USER_PATHS = NO;
				CLANG_ANALYZER_NONNULL = YES;
				CLANG_ANALYZER_NUMBER_OBJECT_CONVERSION = YES_AGGRESSIVE;
				CLANG_CXX_LANGUAGE_STANDARD = "gnu++14";
				CLANG_CXX_LIBRARY = "libc++";
				CLANG_ENABLE_MODULES = YES;
				CLANG_ENABLE_OBJC_ARC = YES;
				CLANG_WARN_BLOCK_CAPTURE_AUTORELEASING = YES;
				CLANG_WARN_BOOL_CONVERSION = YES;
				CLANG_WARN_COMMA = YES;
				CLANG_WARN_CONSTANT_CONVERSION = YES;
				CLANG_WARN_DIRECT_OBJC_ISA_USAGE = YES_ERROR;
				CLANG_WARN_DOCUMENTATION_COMMENTS = YES;
				CLANG_WARN_EMPTY_BODY = YES;
				CLANG_WARN_ENUM_CONVERSION = YES;
				CLANG_WARN_INFINITE_RECURSION = YES;
				CLANG_WARN_INT_CONVERSION = YES;
				CLANG_WARN_NON_LITERAL_NULL_CONVERSION = YES;
				CLANG_WARN_OBJC_LITERAL_CONVERSION = YES;
				CLANG_WARN_OBJC_ROOT_CLASS = YES_ERROR;
				CLANG_WARN_RANGE_LOOP_ANALYSIS = YES;
				CLANG_WARN_STRICT_PROTOTYPES = YES;
				CLANG_WARN_SUSPICIOUS_MOVE = YES;
				CLANG_WARN_UNGUARDED_AVAILABILITY = YES_AGGRESSIVE;
				CLANG_WARN_UNREACHABLE_CODE = YES;
				CLANG_WARN__DUPLICATE_METHOD_MATCH = YES;
				CODE_SIGN_IDENTITY = "iPhone Developer";
				COPY_PHASE_STRIP = NO;
				DEBUG_INFORMATION_FORMAT = "dwarf-with-dsym";
				ENABLE_NS_ASSERTIONS = NO;
				ENABLE_STRICT_OBJC_MSGSEND = YES;
				GCC_C_LANGUAGE_STANDARD = gnu11;
				GCC_NO_COMMON_BLOCKS = YES;
				GCC_WARN_64_TO_32_BIT_CONVERSION = YES;
				GCC_WARN_ABOUT_RETURN_TYPE = YES_ERROR;
				GCC_WARN_UNDECLARED_SELECTOR = YES;
				GCC_WARN_UNINITIALIZED_AUTOS = YES_AGGRESSIVE;
				GCC_WARN_UNUSED_FUNCTION = YES;
				GCC_WARN_UNUSED_VARIABLE = YES;
				IPHONEOS_DEPLOYMENT_TARGET = 11.2;
				MTL_ENABLE_DEBUG_INFO = NO;
				SDKROOT = iphoneos;
				SWIFT_OPTIMIZATION_LEVEL = "-Owholemodule";
				VALIDATE_PRODUCT = YES;
			};
			name = Release;
		};
		CFAFC0AD201F6DA1002CBC1B /* Debug */ = {
			isa = XCBuildConfiguration;
			baseConfigurationReference = 057A747F0261C5418B078353 /* Pods-YumaApp.debug.xcconfig */;
			buildSettings = {
				ASSETCATALOG_COMPILER_APPICON_NAME = AppIcon;
				CODE_SIGN_STYLE = Automatic;
				DEBUG_ACTIVITY_MODE = "";
				"DEBUG_ACTIVITY_MODE[sdk=iphonesimulator*]" = default;
				DEVELOPMENT_TEAM = JED4EB54LQ;
				INFOPLIST_FILE = YumaApp/Info.plist;
				IPHONEOS_DEPLOYMENT_TARGET = 9.1;
				LD_RUNPATH_SEARCH_PATHS = "$(inherited) @executable_path/Frameworks";
				PRODUCT_BUNDLE_IDENTIFIER = com.yumatechnical.YumaApp;
				PRODUCT_NAME = "$(TARGET_NAME)";
				SWIFT_VERSION = 4.0;
				TARGETED_DEVICE_FAMILY = "1,2";
			};
			name = Debug;
		};
		CFAFC0AE201F6DA1002CBC1B /* Release */ = {
			isa = XCBuildConfiguration;
			baseConfigurationReference = AE1C6B3F93C3CDB25CE334C1 /* Pods-YumaApp.release.xcconfig */;
			buildSettings = {
				ASSETCATALOG_COMPILER_APPICON_NAME = AppIcon;
				CODE_SIGN_STYLE = Automatic;
				DEBUG_ACTIVITY_MODE = "";
				DEVELOPMENT_TEAM = JED4EB54LQ;
				INFOPLIST_FILE = YumaApp/Info.plist;
				IPHONEOS_DEPLOYMENT_TARGET = 9.1;
				LD_RUNPATH_SEARCH_PATHS = "$(inherited) @executable_path/Frameworks";
				PRODUCT_BUNDLE_IDENTIFIER = com.yumatechnical.YumaApp;
				PRODUCT_NAME = "$(TARGET_NAME)";
				SWIFT_VERSION = 4.0;
				TARGETED_DEVICE_FAMILY = "1,2";
			};
			name = Release;
		};
		CFAFC0B0201F6DA1002CBC1B /* Debug */ = {
			isa = XCBuildConfiguration;
			baseConfigurationReference = 392768AA0A60F91FDDB5AB8B /* Pods-YumaAppTests.debug.xcconfig */;
			buildSettings = {
				ALWAYS_EMBED_SWIFT_STANDARD_LIBRARIES = YES;
				BUNDLE_LOADER = "$(TEST_HOST)";
				CODE_SIGN_STYLE = Automatic;
				DEVELOPMENT_TEAM = JED4EB54LQ;
				INFOPLIST_FILE = YumaAppTests/Info.plist;
				LD_RUNPATH_SEARCH_PATHS = "$(inherited) @executable_path/Frameworks @loader_path/Frameworks";
				PRODUCT_BUNDLE_IDENTIFIER = com.yumatechnical.YumaAppTests;
				PRODUCT_NAME = "$(TARGET_NAME)";
				SWIFT_VERSION = 4.0;
				TARGETED_DEVICE_FAMILY = "1,2";
				TEST_HOST = "$(BUILT_PRODUCTS_DIR)/YumaApp.app/YumaApp";
			};
			name = Debug;
		};
		CFAFC0B1201F6DA1002CBC1B /* Release */ = {
			isa = XCBuildConfiguration;
			baseConfigurationReference = 4F16076F5CC5D486C6868E0A /* Pods-YumaAppTests.release.xcconfig */;
			buildSettings = {
				ALWAYS_EMBED_SWIFT_STANDARD_LIBRARIES = YES;
				BUNDLE_LOADER = "$(TEST_HOST)";
				CODE_SIGN_STYLE = Automatic;
				DEVELOPMENT_TEAM = JED4EB54LQ;
				INFOPLIST_FILE = YumaAppTests/Info.plist;
				LD_RUNPATH_SEARCH_PATHS = "$(inherited) @executable_path/Frameworks @loader_path/Frameworks";
				PRODUCT_BUNDLE_IDENTIFIER = com.yumatechnical.YumaAppTests;
				PRODUCT_NAME = "$(TARGET_NAME)";
				SWIFT_VERSION = 4.0;
				TARGETED_DEVICE_FAMILY = "1,2";
				TEST_HOST = "$(BUILT_PRODUCTS_DIR)/YumaApp.app/YumaApp";
			};
			name = Release;
		};
		CFAFC0B3201F6DA1002CBC1B /* Debug */ = {
			isa = XCBuildConfiguration;
			baseConfigurationReference = 7779EC198305B6B55E98D3CA /* Pods-YumaAppUITests.debug.xcconfig */;
			buildSettings = {
				ALWAYS_EMBED_SWIFT_STANDARD_LIBRARIES = YES;
				CODE_SIGN_STYLE = Automatic;
				DEVELOPMENT_TEAM = JED4EB54LQ;
				INFOPLIST_FILE = YumaAppUITests/Info.plist;
				LD_RUNPATH_SEARCH_PATHS = "$(inherited) @executable_path/Frameworks @loader_path/Frameworks";
				PRODUCT_BUNDLE_IDENTIFIER = com.yumatechnical.YumaAppUITests;
				PRODUCT_NAME = "$(TARGET_NAME)";
				SWIFT_VERSION = 4.0;
				TARGETED_DEVICE_FAMILY = "1,2";
				TEST_TARGET_NAME = YumaApp;
			};
			name = Debug;
		};
		CFAFC0B4201F6DA1002CBC1B /* Release */ = {
			isa = XCBuildConfiguration;
			baseConfigurationReference = 5B61A020F0F62CB2AC7C5093 /* Pods-YumaAppUITests.release.xcconfig */;
			buildSettings = {
				ALWAYS_EMBED_SWIFT_STANDARD_LIBRARIES = YES;
				CODE_SIGN_STYLE = Automatic;
				DEVELOPMENT_TEAM = JED4EB54LQ;
				INFOPLIST_FILE = YumaAppUITests/Info.plist;
				LD_RUNPATH_SEARCH_PATHS = "$(inherited) @executable_path/Frameworks @loader_path/Frameworks";
				PRODUCT_BUNDLE_IDENTIFIER = com.yumatechnical.YumaAppUITests;
				PRODUCT_NAME = "$(TARGET_NAME)";
				SWIFT_VERSION = 4.0;
				TARGETED_DEVICE_FAMILY = "1,2";
				TEST_TARGET_NAME = YumaApp;
			};
			name = Release;
		};
/* End XCBuildConfiguration section */

/* Begin XCConfigurationList section */
		CFAFC07F201F6DA1002CBC1B /* Build configuration list for PBXProject "YumaApp" */ = {
			isa = XCConfigurationList;
			buildConfigurations = (
				CFAFC0AA201F6DA1002CBC1B /* Debug */,
				CFAFC0AB201F6DA1002CBC1B /* Release */,
			);
			defaultConfigurationIsVisible = 0;
			defaultConfigurationName = Release;
		};
		CFAFC0AC201F6DA1002CBC1B /* Build configuration list for PBXNativeTarget "YumaApp" */ = {
			isa = XCConfigurationList;
			buildConfigurations = (
				CFAFC0AD201F6DA1002CBC1B /* Debug */,
				CFAFC0AE201F6DA1002CBC1B /* Release */,
			);
			defaultConfigurationIsVisible = 0;
			defaultConfigurationName = Release;
		};
		CFAFC0AF201F6DA1002CBC1B /* Build configuration list for PBXNativeTarget "YumaAppTests" */ = {
			isa = XCConfigurationList;
			buildConfigurations = (
				CFAFC0B0201F6DA1002CBC1B /* Debug */,
				CFAFC0B1201F6DA1002CBC1B /* Release */,
			);
			defaultConfigurationIsVisible = 0;
			defaultConfigurationName = Release;
		};
		CFAFC0B2201F6DA1002CBC1B /* Build configuration list for PBXNativeTarget "YumaAppUITests" */ = {
			isa = XCConfigurationList;
			buildConfigurations = (
				CFAFC0B3201F6DA1002CBC1B /* Debug */,
				CFAFC0B4201F6DA1002CBC1B /* Release */,
			);
			defaultConfigurationIsVisible = 0;
			defaultConfigurationName = Release;
		};
/* End XCConfigurationList section */
	};
	rootObject = CFAFC07C201F6DA1002CBC1B /* Project object */;
}
