// !$*UTF8*$!
{
	archiveVersion = 1;
	classes = {
	};
	objectVersion = 48;
	objects = {

/* Begin PBXBuildFile section */
		77AEFEB52CCED4506475D0A9 /* Pods_YumaAppTests.framework in Frameworks */ = {isa = PBXBuildFile; fileRef = 450FA0398939E6DB72DC86CF /* Pods_YumaAppTests.framework */; };
		905B9ADF2B12BF77F1CB7C8D /* Pods_YumaApp.framework in Frameworks */ = {isa = PBXBuildFile; fileRef = C310D4D5AC23CE8E97C74431 /* Pods_YumaApp.framework */; };
		A476738C515BD60BDC29B509 /* Pods_YumaAppUITests.framework in Frameworks */ = {isa = PBXBuildFile; fileRef = 5B7B38EA7A1928E4038B0A36 /* Pods_YumaAppUITests.framework */; };
		CF12693A204B38EB008EFD04 /* ProductsStoryboard.storyboard in Resources */ = {isa = PBXBuildFile; fileRef = CF126939204B38EB008EFD04 /* ProductsStoryboard.storyboard */; };
		CF126940204C4A6F008EFD04 /* Categories.swift in Sources */ = {isa = PBXBuildFile; fileRef = CF12693F204C4A6F008EFD04 /* Categories.swift */; };
		CF126942204C7B76008EFD04 /* Images.swift in Sources */ = {isa = PBXBuildFile; fileRef = CF126941204C7B76008EFD04 /* Images.swift */; };
		CF126944204C8506008EFD04 /* CartRules.swift in Sources */ = {isa = PBXBuildFile; fileRef = CF126943204C8506008EFD04 /* CartRules.swift */; };
		CF126946204C8674008EFD04 /* Combinations.swift in Sources */ = {isa = PBXBuildFile; fileRef = CF126945204C8674008EFD04 /* Combinations.swift */; };
		CF126948204C8B63008EFD04 /* Currencies.swift in Sources */ = {isa = PBXBuildFile; fileRef = CF126947204C8B63008EFD04 /* Currencies.swift */; };
		CF12694A204C8CF2008EFD04 /* Manufacturers.swift in Sources */ = {isa = PBXBuildFile; fileRef = CF126949204C8CF2008EFD04 /* Manufacturers.swift */; };
		CF182DB42030C32C0070B9E5 /* LaptopsViewController.xib in Resources */ = {isa = PBXBuildFile; fileRef = CF182DB32030C32C0070B9E5 /* LaptopsViewController.xib */; };
		CF182DB62030F4C90070B9E5 /* GradientButton.swift in Sources */ = {isa = PBXBuildFile; fileRef = CF182DB52030F4C90070B9E5 /* GradientButton.swift */; };
		CF182DB92030F7FB0070B9E5 /* WebpageViewController.swift in Sources */ = {isa = PBXBuildFile; fileRef = CF182DB72030F7FB0070B9E5 /* WebpageViewController.swift */; };
		CF182DBA2030F7FB0070B9E5 /* WebpageViewController.xib in Resources */ = {isa = PBXBuildFile; fileRef = CF182DB82030F7FB0070B9E5 /* WebpageViewController.xib */; };
		CF182DC4203219900070B9E5 /* Carts.swift in Sources */ = {isa = PBXBuildFile; fileRef = CF182DC3203219900070B9E5 /* Carts.swift */; };
		CF182DC820321DD70070B9E5 /* Orders.swift in Sources */ = {isa = PBXBuildFile; fileRef = CF182DC720321DD70070B9E5 /* Orders.swift */; };
		CF182DCC20331DA00070B9E5 /* Products.swift in Sources */ = {isa = PBXBuildFile; fileRef = CF182DCB20331DA00070B9E5 /* Products.swift */; };
		CF182DCE203327880070B9E5 /* Customers.swift in Sources */ = {isa = PBXBuildFile; fileRef = CF182DCD203327880070B9E5 /* Customers.swift */; };
		CF182DD0203340E50070B9E5 /* PSWebServices.swift in Sources */ = {isa = PBXBuildFile; fileRef = CF182DCF203340E50070B9E5 /* PSWebServices.swift */; };
		CF182DD2203344C00070B9E5 /* Addresses.swift in Sources */ = {isa = PBXBuildFile; fileRef = CF182DD1203344C00070B9E5 /* Addresses.swift */; };
		CF1DDD5920575AA800B189C3 /* CustomProductView.swift in Sources */ = {isa = PBXBuildFile; fileRef = CF1DDD5820575AA800B189C3 /* CustomProductView.swift */; };
		CF26FFC220586C1300532C11 /* CustomerOrders.storyboard in Resources */ = {isa = PBXBuildFile; fileRef = CF26FFC120586C1300532C11 /* CustomerOrders.storyboard */; };
		CF26FFC420586CD300532C11 /* CustomCollectionViewCell.swift in Sources */ = {isa = PBXBuildFile; fileRef = CF26FFC320586CD300532C11 /* CustomCollectionViewCell.swift */; };
		CF337F372038E35600C93FAF /* MyAccountViewController.xib in Resources */ = {isa = PBXBuildFile; fileRef = CF337F362038E35600C93FAF /* MyAccountViewController.xib */; };
		CF384BE1205D55B4005CCD57 /* Languages.swift in Sources */ = {isa = PBXBuildFile; fileRef = CF384BE0205D55B4005CCD57 /* Languages.swift */; };
		CF384BF0205EBB04005CCD57 /* APIClient.swift in Sources */ = {isa = PBXBuildFile; fileRef = CF384BEF205EBB04005CCD57 /* APIClient.swift */; };
		CF384BF2205EBB17005CCD57 /* APIError.swift in Sources */ = {isa = PBXBuildFile; fileRef = CF384BF1205EBB17005CCD57 /* APIError.swift */; };
		CF384BF4205EBB6D005CCD57 /* Result.swift in Sources */ = {isa = PBXBuildFile; fileRef = CF384BF3205EBB6D005CCD57 /* Result.swift */; };
		CF384BF6205EBBA9005CCD57 /* MyClient.swift in Sources */ = {isa = PBXBuildFile; fileRef = CF384BF5205EBBA9005CCD57 /* MyClient.swift */; };
		CF384BF8205EBF74005CCD57 /* Endpoint.swift in Sources */ = {isa = PBXBuildFile; fileRef = CF384BF7205EBF74005CCD57 /* Endpoint.swift */; };
		CF384BFA205EC0D5005CCD57 /* PSREST.swift in Sources */ = {isa = PBXBuildFile; fileRef = CF384BF9205EC0D5005CCD57 /* PSREST.swift */; };
		CF384BFD205FFF0A005CCD57 /* Contents.swift in Sources */ = {isa = PBXBuildFile; fileRef = CF384BFC205FFF0A005CCD57 /* Contents.swift */; };
		CF384BFF20604D3E005CCD57 /* ScoialMedia.swift in Sources */ = {isa = PBXBuildFile; fileRef = CF384BFE20604D3E005CCD57 /* ScoialMedia.swift */; };
		CF4051A720419A8C00AE21BC /* SwipingController.swift in Sources */ = {isa = PBXBuildFile; fileRef = CF4051A620419A8C00AE21BC /* SwipingController.swift */; };
		CF4051A92041A15600AE21BC /* PageCell.swift in Sources */ = {isa = PBXBuildFile; fileRef = CF4051A82041A15600AE21BC /* PageCell.swift */; };
		CF48A6AA202F3BE500FEEC7F /* LaptopsViewController.swift in Sources */ = {isa = PBXBuildFile; fileRef = CF48A6A9202F3BE500FEEC7F /* LaptopsViewController.swift */; };
		CF4D4FF620587AD30090544B /* CustomCollectionViewController.swift in Sources */ = {isa = PBXBuildFile; fileRef = CF4D4FF520587AD30090544B /* CustomCollectionViewController.swift */; };
		CF4D4FF8205883970090544B /* CustomCollectionViewLayout.swift in Sources */ = {isa = PBXBuildFile; fileRef = CF4D4FF7205883970090544B /* CustomCollectionViewLayout.swift */; };
		CF5C72AB20485072008763DB /* SwipingControllerCollection.swift in Sources */ = {isa = PBXBuildFile; fileRef = CF5C72AA20485072008763DB /* SwipingControllerCollection.swift */; };
		CF5C72AD204851A3008763DB /* SwipingControllerTaps.swift in Sources */ = {isa = PBXBuildFile; fileRef = CF5C72AC204851A3008763DB /* SwipingControllerTaps.swift */; };
		CF5C73092049AB32008763DB /* CartStoryboard.storyboard in Resources */ = {isa = PBXBuildFile; fileRef = CF5C73082049AB32008763DB /* CartStoryboard.storyboard */; };
		CF5C730B2049B338008763DB /* CartViewCell.swift in Sources */ = {isa = PBXBuildFile; fileRef = CF5C730A2049B338008763DB /* CartViewCell.swift */; };
		CF6019EB2049CE4E00217025 /* AddrStoryboard.storyboard in Resources */ = {isa = PBXBuildFile; fileRef = CF6019EA2049CE4E00217025 /* AddrStoryboard.storyboard */; };
		CF6019ED2049D61700217025 /* AddrCollectionViewCell.swift in Sources */ = {isa = PBXBuildFile; fileRef = CF6019EC2049D61700217025 /* AddrCollectionViewCell.swift */; };
		CF601A042049F87400217025 /* MyExtentions.swift in Sources */ = {isa = PBXBuildFile; fileRef = CF601A032049F87400217025 /* MyExtentions.swift */; };
		CF601A06204ADBB800217025 /* Carriers.swift in Sources */ = {isa = PBXBuildFile; fileRef = CF601A05204ADBB800217025 /* Carriers.swift */; };
		CF601A08204ADEA100217025 /* IdValue.swift in Sources */ = {isa = PBXBuildFile; fileRef = CF601A07204ADEA100217025 /* IdValue.swift */; };
		CF601A0C204AE0B300217025 /* Messages.swift in Sources */ = {isa = PBXBuildFile; fileRef = CF601A0B204AE0B300217025 /* Messages.swift */; };
		CF601A0E204AE13700217025 /* OrderCarriers.swift in Sources */ = {isa = PBXBuildFile; fileRef = CF601A0D204AE13700217025 /* OrderCarriers.swift */; };
		CF601A10204AE21300217025 /* OrderDetails.swift in Sources */ = {isa = PBXBuildFile; fileRef = CF601A0F204AE21300217025 /* OrderDetails.swift */; };
		CF601A12204AE33900217025 /* OrderHistories.swift in Sources */ = {isa = PBXBuildFile; fileRef = CF601A11204AE33900217025 /* OrderHistories.swift */; };
		CF601A14204AE4AD00217025 /* OrderInvoices.swift in Sources */ = {isa = PBXBuildFile; fileRef = CF601A13204AE4AD00217025 /* OrderInvoices.swift */; };
		CF601A16204AE61500217025 /* OrderPayments.swift in Sources */ = {isa = PBXBuildFile; fileRef = CF601A15204AE61500217025 /* OrderPayments.swift */; };
		CF601A18204AE69A00217025 /* OrderStates.swift in Sources */ = {isa = PBXBuildFile; fileRef = CF601A17204AE69A00217025 /* OrderStates.swift */; };
		CF601A1C204AEAE700217025 /* States.swift in Sources */ = {isa = PBXBuildFile; fileRef = CF601A1B204AEAE700217025 /* States.swift */; };
		CF601A1E204AEB7500217025 /* Tags.swift in Sources */ = {isa = PBXBuildFile; fileRef = CF601A1D204AEB7500217025 /* Tags.swift */; };
		CF601A20204AEC6A00217025 /* Taxes.swift in Sources */ = {isa = PBXBuildFile; fileRef = CF601A1F204AEC6A00217025 /* Taxes.swift */; };
		CF63DD302064079500025007 /* ProductOption.swift in Sources */ = {isa = PBXBuildFile; fileRef = CF63DD2F2064079500025007 /* ProductOption.swift */; };
		CF63DD32206423BE00025007 /* AlertModal.swift in Sources */ = {isa = PBXBuildFile; fileRef = CF63DD31206423BE00025007 /* AlertModal.swift */; };
		CF63DD34206424AC00025007 /* CustomAlertView.swift in Sources */ = {isa = PBXBuildFile; fileRef = CF63DD33206424AC00025007 /* CustomAlertView.swift */; };
		CF65C5C820409ABD00517432 /* SwiftyJSON.swift in Sources */ = {isa = PBXBuildFile; fileRef = CF65C5C720409ABD00517432 /* SwiftyJSON.swift */; };
		CF7E8636202908010014B787 /* PrintersViewController.swift in Sources */ = {isa = PBXBuildFile; fileRef = CF7E8634202908010014B787 /* PrintersViewController.swift */; };
		CF7E8637202908010014B787 /* PrintersViewController.xib in Resources */ = {isa = PBXBuildFile; fileRef = CF7E8635202908010014B787 /* PrintersViewController.xib */; };
		CF7E863920290D2B0014B787 /* fontAwesomeIcons.swift in Sources */ = {isa = PBXBuildFile; fileRef = CF7E863820290D2B0014B787 /* fontAwesomeIcons.swift */; };
		CF7E863C2029E83D0014B787 /* ContactUsViewController.swift in Sources */ = {isa = PBXBuildFile; fileRef = CF7E863A2029E83D0014B787 /* ContactUsViewController.swift */; };
		CF7E863D2029E83D0014B787 /* ContactUsViewController.xib in Resources */ = {isa = PBXBuildFile; fileRef = CF7E863B2029E83D0014B787 /* ContactUsViewController.xib */; };
		CF7E864C202A0FBA0014B787 /* Countries.swift in Sources */ = {isa = PBXBuildFile; fileRef = CF7E864B202A0FBA0014B787 /* Countries.swift */; };
		CF7E865E202A42800014B787 /* HeaderView.xib in Resources */ = {isa = PBXBuildFile; fileRef = CF7E865D202A42800014B787 /* HeaderView.xib */; };
		CF7E8660202A44950014B787 /* HeaderController.swift in Sources */ = {isa = PBXBuildFile; fileRef = CF7E865F202A44950014B787 /* HeaderController.swift */; };
		CF7E8664202B62A90014B787 /* R.swift in Sources */ = {isa = PBXBuildFile; fileRef = CF7E8663202B62A90014B787 /* R.swift */; };
		CF7E8669202B88570014B787 /* LoginViewController.swift in Sources */ = {isa = PBXBuildFile; fileRef = CF7E8667202B88570014B787 /* LoginViewController.swift */; };
		CF7E866A202B88570014B787 /* LoginViewController.xib in Resources */ = {isa = PBXBuildFile; fileRef = CF7E8668202B88570014B787 /* LoginViewController.xib */; };
		CF7E866E202CBA5B0014B787 /* ProductTemplate.xib in Resources */ = {isa = PBXBuildFile; fileRef = CF7E866D202CBA5B0014B787 /* ProductTemplate.xib */; };
		CF7E8670202CFB920014B787 /* ProductViewCell.swift in Sources */ = {isa = PBXBuildFile; fileRef = CF7E866F202CFB920014B787 /* ProductViewCell.swift */; };
		CF904E432057FD190086068E /* CartCell.swift in Sources */ = {isa = PBXBuildFile; fileRef = CF904E422057FD190086068E /* CartCell.swift */; };
		CF904E47205850320086068E /* CustomerOrdersVC.swift in Sources */ = {isa = PBXBuildFile; fileRef = CF904E46205850320086068E /* CustomerOrdersVC.swift */; };
		CF9231BE2035FEFD00D44BB6 /* MyAccInfoViewController.swift in Sources */ = {isa = PBXBuildFile; fileRef = CF9231BC2035FEFD00D44BB6 /* MyAccInfoViewController.swift */; };
		CF9231BF2035FEFD00D44BB6 /* MyAccInfoViewController.xib in Resources */ = {isa = PBXBuildFile; fileRef = CF9231BD2035FEFD00D44BB6 /* MyAccInfoViewController.xib */; };
		CF9231C22035FF2900D44BB6 /* MyAccAddrViewController.swift in Sources */ = {isa = PBXBuildFile; fileRef = CF9231C02035FF2900D44BB6 /* MyAccAddrViewController.swift */; };
		CF9231C32035FF2900D44BB6 /* MyAccAddrViewController.xib in Resources */ = {isa = PBXBuildFile; fileRef = CF9231C12035FF2900D44BB6 /* MyAccAddrViewController.xib */; };
		CF9231CA2035FF6000D44BB6 /* MyAccCSViewController.swift in Sources */ = {isa = PBXBuildFile; fileRef = CF9231C82035FF6000D44BB6 /* MyAccCSViewController.swift */; };
		CF9231CB2035FF6000D44BB6 /* MyAccCSViewController.xib in Resources */ = {isa = PBXBuildFile; fileRef = CF9231C92035FF6000D44BB6 /* MyAccCSViewController.xib */; };
		CF9231CE20386CDF00D44BB6 /* MyAccOHViewController.swift in Sources */ = {isa = PBXBuildFile; fileRef = CF9231CC20386CDF00D44BB6 /* MyAccOHViewController.swift */; };
		CF9231CF20386CDF00D44BB6 /* MyAccOHViewController.xib in Resources */ = {isa = PBXBuildFile; fileRef = CF9231CD20386CDF00D44BB6 /* MyAccOHViewController.xib */; };
		CF9DB7E42061A79E00C1FAD3 /* ProductOptionValues.swift in Sources */ = {isa = PBXBuildFile; fileRef = CF9DB7E32061A79E00C1FAD3 /* ProductOptionValues.swift */; };
		CFAB48BA2052C56300BF9E7D /* Checkout.storyboard in Resources */ = {isa = PBXBuildFile; fileRef = CFAB48B92052C56300BF9E7D /* Checkout.storyboard */; };
		CFAB48BC2052EA8100BF9E7D /* CheckoutViewController.swift in Sources */ = {isa = PBXBuildFile; fileRef = CFAB48BB2052EA8100BF9E7D /* CheckoutViewController.swift */; };
		CFAFC088201F6DA1002CBC1B /* AppDelegate.swift in Sources */ = {isa = PBXBuildFile; fileRef = CFAFC087201F6DA1002CBC1B /* AppDelegate.swift */; };
		CFAFC092201F6DA1002CBC1B /* LaunchScreen.storyboard in Resources */ = {isa = PBXBuildFile; fileRef = CFAFC090201F6DA1002CBC1B /* LaunchScreen.storyboard */; };
		CFAFC09D201F6DA1002CBC1B /* YumaAppTests.swift in Sources */ = {isa = PBXBuildFile; fileRef = CFAFC09C201F6DA1002CBC1B /* YumaAppTests.swift */; };
		CFAFC0A8201F6DA1002CBC1B /* YumaAppUITests.swift in Sources */ = {isa = PBXBuildFile; fileRef = CFAFC0A7201F6DA1002CBC1B /* YumaAppUITests.swift */; };
		CFAFC0B7201F7943002CBC1B /* FontAwesome.ttf in Resources */ = {isa = PBXBuildFile; fileRef = CFAFC0B6201F7943002CBC1B /* FontAwesome.ttf */; };
		CFAFC0EB201F9142002CBC1B /* Slides.swift in Sources */ = {isa = PBXBuildFile; fileRef = CFAFC0EA201F9142002CBC1B /* Slides.swift */; };
		CFAFC0ED201F9292002CBC1B /* IconPanel.swift in Sources */ = {isa = PBXBuildFile; fileRef = CFAFC0EC201F9292002CBC1B /* IconPanel.swift */; };
		CFB02E3C204F42ED00429798 /* Products.storyboard in Resources */ = {isa = PBXBuildFile; fileRef = CFB02E3B204F42ED00429798 /* Products.storyboard */; };
		CFB02E3E204F445A00429798 /* ProductsViewController.swift in Sources */ = {isa = PBXBuildFile; fileRef = CFB02E3D204F445A00429798 /* ProductsViewController.swift */; };
		CFC1D1FB203B442500343B25 /* ForgotPWViewController.swift in Sources */ = {isa = PBXBuildFile; fileRef = CFC1D1F9203B442500343B25 /* ForgotPWViewController.swift */; };
		CFC1D1FC203B442500343B25 /* ForgotPWViewController.xib in Resources */ = {isa = PBXBuildFile; fileRef = CFC1D1FA203B442500343B25 /* ForgotPWViewController.xib */; };
		CFC1D204203C569000343B25 /* ExpandMapViewController.swift in Sources */ = {isa = PBXBuildFile; fileRef = CFC1D202203C569000343B25 /* ExpandMapViewController.swift */; };
		CFC1D205203C569000343B25 /* ExpandMapViewController.xib in Resources */ = {isa = PBXBuildFile; fileRef = CFC1D203203C569000343B25 /* ExpandMapViewController.xib */; };
		CFEC7B2D203DD1FA00F98C57 /* Entry.swift in Sources */ = {isa = PBXBuildFile; fileRef = CFEC7B2C203DD1FA00F98C57 /* Entry.swift */; };
		CFEC7B2F203DD33100F98C57 /* Entry.xib in Resources */ = {isa = PBXBuildFile; fileRef = CFEC7B2E203DD33100F98C57 /* Entry.xib */; };
		CFEC7B31203DFD3300F98C57 /* Reachability.swift in Sources */ = {isa = PBXBuildFile; fileRef = CFEC7B30203DFD3300F98C57 /* Reachability.swift */; };
		CFEE3AAF2047444700526D92 /* CartViewController.swift in Sources */ = {isa = PBXBuildFile; fileRef = CFEE3AAD2047444700526D92 /* CartViewController.swift */; };
		CFF3CFB22034DB7800BEDEE4 /* AddressCollectionView.swift in Sources */ = {isa = PBXBuildFile; fileRef = CFF3CFB12034DB7800BEDEE4 /* AddressCollectionView.swift */; };
		CFF3CFB42034DC4300BEDEE4 /* AddressCollectionView.xib in Resources */ = {isa = PBXBuildFile; fileRef = CFF3CFB32034DC4300BEDEE4 /* AddressCollectionView.xib */; };
		CFF3CFB62034E48600BEDEE4 /* DataStore.swift in Sources */ = {isa = PBXBuildFile; fileRef = CFF3CFB52034E48600BEDEE4 /* DataStore.swift */; };
		CFF3CFB92035F00F00BEDEE4 /* MyAccountViewController.swift in Sources */ = {isa = PBXBuildFile; fileRef = CFF3CFB72035F00F00BEDEE4 /* MyAccountViewController.swift */; };
		CFF4A7E1204EE568005AE5C8 /* ServicesStoryboard.storyboard in Resources */ = {isa = PBXBuildFile; fileRef = CFF4A7E0204EE568005AE5C8 /* ServicesStoryboard.storyboard */; };
		CFF4A7E3204EE5D1005AE5C8 /* ServicesViewController.swift in Sources */ = {isa = PBXBuildFile; fileRef = CFF4A7E2204EE5D1005AE5C8 /* ServicesViewController.swift */; };
		CFF4A7E5204EE5F9005AE5C8 /* ServicesCell.swift in Sources */ = {isa = PBXBuildFile; fileRef = CFF4A7E4204EE5F9005AE5C8 /* ServicesCell.swift */; };
		CFF4A8C0204EFFFB005AE5C8 /* Assets.xcassets in Resources */ = {isa = PBXBuildFile; fileRef = CFF4A8BF204EFFFA005AE5C8 /* Assets.xcassets */; };
		CFF4A8C2204F01A8005AE5C8 /* AnnotationPin.swift in Sources */ = {isa = PBXBuildFile; fileRef = CFF4A8C1204F01A8005AE5C8 /* AnnotationPin.swift */; };
		CFF4A8C6204F0D59005AE5C8 /* Default-568h@2x.png in Resources */ = {isa = PBXBuildFile; fileRef = CFF4A8C5204F0D58005AE5C8 /* Default-568h@2x.png */; };
/* End PBXBuildFile section */

/* Begin PBXContainerItemProxy section */
		CFAFC099201F6DA1002CBC1B /* PBXContainerItemProxy */ = {
			isa = PBXContainerItemProxy;
			containerPortal = CFAFC07C201F6DA1002CBC1B /* Project object */;
			proxyType = 1;
			remoteGlobalIDString = CFAFC083201F6DA1002CBC1B;
			remoteInfo = YumaApp;
		};
		CFAFC0A4201F6DA1002CBC1B /* PBXContainerItemProxy */ = {
			isa = PBXContainerItemProxy;
			containerPortal = CFAFC07C201F6DA1002CBC1B /* Project object */;
			proxyType = 1;
			remoteGlobalIDString = CFAFC083201F6DA1002CBC1B;
			remoteInfo = YumaApp;
		};
/* End PBXContainerItemProxy section */

/* Begin PBXFileReference section */
		057A747F0261C5418B078353 /* Pods-YumaApp.debug.xcconfig */ = {isa = PBXFileReference; includeInIndex = 1; lastKnownFileType = text.xcconfig; name = "Pods-YumaApp.debug.xcconfig"; path = "Pods/Target Support Files/Pods-YumaApp/Pods-YumaApp.debug.xcconfig"; sourceTree = "<group>"; };
		392768AA0A60F91FDDB5AB8B /* Pods-YumaAppTests.debug.xcconfig */ = {isa = PBXFileReference; includeInIndex = 1; lastKnownFileType = text.xcconfig; name = "Pods-YumaAppTests.debug.xcconfig"; path = "Pods/Target Support Files/Pods-YumaAppTests/Pods-YumaAppTests.debug.xcconfig"; sourceTree = "<group>"; };
		450FA0398939E6DB72DC86CF /* Pods_YumaAppTests.framework */ = {isa = PBXFileReference; explicitFileType = wrapper.framework; includeInIndex = 0; path = Pods_YumaAppTests.framework; sourceTree = BUILT_PRODUCTS_DIR; };
		4F16076F5CC5D486C6868E0A /* Pods-YumaAppTests.release.xcconfig */ = {isa = PBXFileReference; includeInIndex = 1; lastKnownFileType = text.xcconfig; name = "Pods-YumaAppTests.release.xcconfig"; path = "Pods/Target Support Files/Pods-YumaAppTests/Pods-YumaAppTests.release.xcconfig"; sourceTree = "<group>"; };
		5B61A020F0F62CB2AC7C5093 /* Pods-YumaAppUITests.release.xcconfig */ = {isa = PBXFileReference; includeInIndex = 1; lastKnownFileType = text.xcconfig; name = "Pods-YumaAppUITests.release.xcconfig"; path = "Pods/Target Support Files/Pods-YumaAppUITests/Pods-YumaAppUITests.release.xcconfig"; sourceTree = "<group>"; };
		5B7B38EA7A1928E4038B0A36 /* Pods_YumaAppUITests.framework */ = {isa = PBXFileReference; explicitFileType = wrapper.framework; includeInIndex = 0; path = Pods_YumaAppUITests.framework; sourceTree = BUILT_PRODUCTS_DIR; };
		7779EC198305B6B55E98D3CA /* Pods-YumaAppUITests.debug.xcconfig */ = {isa = PBXFileReference; includeInIndex = 1; lastKnownFileType = text.xcconfig; name = "Pods-YumaAppUITests.debug.xcconfig"; path = "Pods/Target Support Files/Pods-YumaAppUITests/Pods-YumaAppUITests.debug.xcconfig"; sourceTree = "<group>"; };
		AE1C6B3F93C3CDB25CE334C1 /* Pods-YumaApp.release.xcconfig */ = {isa = PBXFileReference; includeInIndex = 1; lastKnownFileType = text.xcconfig; name = "Pods-YumaApp.release.xcconfig"; path = "Pods/Target Support Files/Pods-YumaApp/Pods-YumaApp.release.xcconfig"; sourceTree = "<group>"; };
		C310D4D5AC23CE8E97C74431 /* Pods_YumaApp.framework */ = {isa = PBXFileReference; explicitFileType = wrapper.framework; includeInIndex = 0; path = Pods_YumaApp.framework; sourceTree = BUILT_PRODUCTS_DIR; };
		CF126939204B38EB008EFD04 /* ProductsStoryboard.storyboard */ = {isa = PBXFileReference; lastKnownFileType = file.storyboard; path = ProductsStoryboard.storyboard; sourceTree = "<group>"; };
		CF12693F204C4A6F008EFD04 /* Categories.swift */ = {isa = PBXFileReference; lastKnownFileType = sourcecode.swift; path = Categories.swift; sourceTree = "<group>"; };
		CF126941204C7B76008EFD04 /* Images.swift */ = {isa = PBXFileReference; lastKnownFileType = sourcecode.swift; path = Images.swift; sourceTree = "<group>"; };
		CF126943204C8506008EFD04 /* CartRules.swift */ = {isa = PBXFileReference; lastKnownFileType = sourcecode.swift; path = CartRules.swift; sourceTree = "<group>"; };
		CF126945204C8674008EFD04 /* Combinations.swift */ = {isa = PBXFileReference; lastKnownFileType = sourcecode.swift; path = Combinations.swift; sourceTree = "<group>"; };
		CF126947204C8B63008EFD04 /* Currencies.swift */ = {isa = PBXFileReference; lastKnownFileType = sourcecode.swift; path = Currencies.swift; sourceTree = "<group>"; };
		CF126949204C8CF2008EFD04 /* Manufacturers.swift */ = {isa = PBXFileReference; lastKnownFileType = sourcecode.swift; path = Manufacturers.swift; sourceTree = "<group>"; };
		CF182DB32030C32C0070B9E5 /* LaptopsViewController.xib */ = {isa = PBXFileReference; lastKnownFileType = file.xib; path = LaptopsViewController.xib; sourceTree = "<group>"; };
		CF182DB52030F4C90070B9E5 /* GradientButton.swift */ = {isa = PBXFileReference; lastKnownFileType = sourcecode.swift; path = GradientButton.swift; sourceTree = "<group>"; };
		CF182DB72030F7FB0070B9E5 /* WebpageViewController.swift */ = {isa = PBXFileReference; lastKnownFileType = sourcecode.swift; path = WebpageViewController.swift; sourceTree = "<group>"; };
		CF182DB82030F7FB0070B9E5 /* WebpageViewController.xib */ = {isa = PBXFileReference; lastKnownFileType = file.xib; path = WebpageViewController.xib; sourceTree = "<group>"; };
		CF182DC3203219900070B9E5 /* Carts.swift */ = {isa = PBXFileReference; lastKnownFileType = sourcecode.swift; path = Carts.swift; sourceTree = "<group>"; };
		CF182DC720321DD70070B9E5 /* Orders.swift */ = {isa = PBXFileReference; lastKnownFileType = sourcecode.swift; path = Orders.swift; sourceTree = "<group>"; };
		CF182DCB20331DA00070B9E5 /* Products.swift */ = {isa = PBXFileReference; lastKnownFileType = sourcecode.swift; path = Products.swift; sourceTree = "<group>"; };
		CF182DCD203327880070B9E5 /* Customers.swift */ = {isa = PBXFileReference; lastKnownFileType = sourcecode.swift; path = Customers.swift; sourceTree = "<group>"; };
		CF182DCF203340E50070B9E5 /* PSWebServices.swift */ = {isa = PBXFileReference; lastKnownFileType = sourcecode.swift; path = PSWebServices.swift; sourceTree = "<group>"; };
		CF182DD1203344C00070B9E5 /* Addresses.swift */ = {isa = PBXFileReference; lastKnownFileType = sourcecode.swift; path = Addresses.swift; sourceTree = "<group>"; };
		CF1DDD5820575AA800B189C3 /* CustomProductView.swift */ = {isa = PBXFileReference; lastKnownFileType = sourcecode.swift; path = CustomProductView.swift; sourceTree = "<group>"; };
		CF26FFC120586C1300532C11 /* CustomerOrders.storyboard */ = {isa = PBXFileReference; lastKnownFileType = file.storyboard; path = CustomerOrders.storyboard; sourceTree = "<group>"; };
		CF26FFC320586CD300532C11 /* CustomCollectionViewCell.swift */ = {isa = PBXFileReference; lastKnownFileType = sourcecode.swift; path = CustomCollectionViewCell.swift; sourceTree = "<group>"; };
		CF337F362038E35600C93FAF /* MyAccountViewController.xib */ = {isa = PBXFileReference; lastKnownFileType = file.xib; path = MyAccountViewController.xib; sourceTree = "<group>"; };
		CF384BE0205D55B4005CCD57 /* Languages.swift */ = {isa = PBXFileReference; lastKnownFileType = sourcecode.swift; path = Languages.swift; sourceTree = "<group>"; };
		CF384BEF205EBB04005CCD57 /* APIClient.swift */ = {isa = PBXFileReference; fileEncoding = 4; lastKnownFileType = sourcecode.swift; path = APIClient.swift; sourceTree = "<group>"; };
		CF384BF1205EBB17005CCD57 /* APIError.swift */ = {isa = PBXFileReference; fileEncoding = 4; lastKnownFileType = sourcecode.swift; path = APIError.swift; sourceTree = "<group>"; };
		CF384BF3205EBB6D005CCD57 /* Result.swift */ = {isa = PBXFileReference; fileEncoding = 4; lastKnownFileType = sourcecode.swift; path = Result.swift; sourceTree = "<group>"; };
		CF384BF5205EBBA9005CCD57 /* MyClient.swift */ = {isa = PBXFileReference; fileEncoding = 4; lastKnownFileType = sourcecode.swift; path = MyClient.swift; sourceTree = "<group>"; };
		CF384BF7205EBF74005CCD57 /* Endpoint.swift */ = {isa = PBXFileReference; fileEncoding = 4; lastKnownFileType = sourcecode.swift; path = Endpoint.swift; sourceTree = "<group>"; };
		CF384BF9205EC0D5005CCD57 /* PSREST.swift */ = {isa = PBXFileReference; fileEncoding = 4; lastKnownFileType = sourcecode.swift; path = PSREST.swift; sourceTree = "<group>"; };
		CF384BFC205FFF0A005CCD57 /* Contents.swift */ = {isa = PBXFileReference; lastKnownFileType = sourcecode.swift; path = Contents.swift; sourceTree = "<group>"; };
		CF384BFE20604D3E005CCD57 /* ScoialMedia.swift */ = {isa = PBXFileReference; lastKnownFileType = sourcecode.swift; path = ScoialMedia.swift; sourceTree = "<group>"; };
		CF4051A620419A8C00AE21BC /* SwipingController.swift */ = {isa = PBXFileReference; lastKnownFileType = sourcecode.swift; path = SwipingController.swift; sourceTree = "<group>"; };
		CF4051A82041A15600AE21BC /* PageCell.swift */ = {isa = PBXFileReference; lastKnownFileType = sourcecode.swift; path = PageCell.swift; sourceTree = "<group>"; };
		CF48A6A9202F3BE500FEEC7F /* LaptopsViewController.swift */ = {isa = PBXFileReference; lastKnownFileType = sourcecode.swift; path = LaptopsViewController.swift; sourceTree = "<group>"; };
		CF4D4FF520587AD30090544B /* CustomCollectionViewController.swift */ = {isa = PBXFileReference; lastKnownFileType = sourcecode.swift; path = CustomCollectionViewController.swift; sourceTree = "<group>"; };
		CF4D4FF7205883970090544B /* CustomCollectionViewLayout.swift */ = {isa = PBXFileReference; lastKnownFileType = sourcecode.swift; path = CustomCollectionViewLayout.swift; sourceTree = "<group>"; };
		CF5C72AA20485072008763DB /* SwipingControllerCollection.swift */ = {isa = PBXFileReference; lastKnownFileType = sourcecode.swift; path = SwipingControllerCollection.swift; sourceTree = "<group>"; };
		CF5C72AC204851A3008763DB /* SwipingControllerTaps.swift */ = {isa = PBXFileReference; lastKnownFileType = sourcecode.swift; path = SwipingControllerTaps.swift; sourceTree = "<group>"; };
		CF5C73082049AB32008763DB /* CartStoryboard.storyboard */ = {isa = PBXFileReference; lastKnownFileType = file.storyboard; path = CartStoryboard.storyboard; sourceTree = "<group>"; };
		CF5C730A2049B338008763DB /* CartViewCell.swift */ = {isa = PBXFileReference; lastKnownFileType = sourcecode.swift; path = CartViewCell.swift; sourceTree = "<group>"; };
		CF6019EA2049CE4E00217025 /* AddrStoryboard.storyboard */ = {isa = PBXFileReference; lastKnownFileType = file.storyboard; path = AddrStoryboard.storyboard; sourceTree = "<group>"; };
		CF6019EC2049D61700217025 /* AddrCollectionViewCell.swift */ = {isa = PBXFileReference; lastKnownFileType = sourcecode.swift; path = AddrCollectionViewCell.swift; sourceTree = "<group>"; };
		CF601A032049F87400217025 /* MyExtentions.swift */ = {isa = PBXFileReference; lastKnownFileType = sourcecode.swift; path = MyExtentions.swift; sourceTree = "<group>"; };
		CF601A05204ADBB800217025 /* Carriers.swift */ = {isa = PBXFileReference; lastKnownFileType = sourcecode.swift; path = Carriers.swift; sourceTree = "<group>"; };
		CF601A07204ADEA100217025 /* IdValue.swift */ = {isa = PBXFileReference; lastKnownFileType = sourcecode.swift; path = IdValue.swift; sourceTree = "<group>"; };
		CF601A0B204AE0B300217025 /* Messages.swift */ = {isa = PBXFileReference; lastKnownFileType = sourcecode.swift; path = Messages.swift; sourceTree = "<group>"; };
		CF601A0D204AE13700217025 /* OrderCarriers.swift */ = {isa = PBXFileReference; lastKnownFileType = sourcecode.swift; path = OrderCarriers.swift; sourceTree = "<group>"; };
		CF601A0F204AE21300217025 /* OrderDetails.swift */ = {isa = PBXFileReference; lastKnownFileType = sourcecode.swift; path = OrderDetails.swift; sourceTree = "<group>"; };
		CF601A11204AE33900217025 /* OrderHistories.swift */ = {isa = PBXFileReference; lastKnownFileType = sourcecode.swift; path = OrderHistories.swift; sourceTree = "<group>"; };
		CF601A13204AE4AD00217025 /* OrderInvoices.swift */ = {isa = PBXFileReference; lastKnownFileType = sourcecode.swift; path = OrderInvoices.swift; sourceTree = "<group>"; };
		CF601A15204AE61500217025 /* OrderPayments.swift */ = {isa = PBXFileReference; lastKnownFileType = sourcecode.swift; path = OrderPayments.swift; sourceTree = "<group>"; };
		CF601A17204AE69A00217025 /* OrderStates.swift */ = {isa = PBXFileReference; lastKnownFileType = sourcecode.swift; path = OrderStates.swift; sourceTree = "<group>"; };
		CF601A1B204AEAE700217025 /* States.swift */ = {isa = PBXFileReference; lastKnownFileType = sourcecode.swift; path = States.swift; sourceTree = "<group>"; };
		CF601A1D204AEB7500217025 /* Tags.swift */ = {isa = PBXFileReference; lastKnownFileType = sourcecode.swift; path = Tags.swift; sourceTree = "<group>"; };
		CF601A1F204AEC6A00217025 /* Taxes.swift */ = {isa = PBXFileReference; lastKnownFileType = sourcecode.swift; path = Taxes.swift; sourceTree = "<group>"; };
		CF63DD2F2064079500025007 /* ProductOption.swift */ = {isa = PBXFileReference; lastKnownFileType = sourcecode.swift; path = ProductOption.swift; sourceTree = "<group>"; };
		CF63DD31206423BE00025007 /* AlertModal.swift */ = {isa = PBXFileReference; lastKnownFileType = sourcecode.swift; path = AlertModal.swift; sourceTree = "<group>"; };
		CF63DD33206424AC00025007 /* CustomAlertView.swift */ = {isa = PBXFileReference; lastKnownFileType = sourcecode.swift; path = CustomAlertView.swift; sourceTree = "<group>"; };
		CF65C5C720409ABD00517432 /* SwiftyJSON.swift */ = {isa = PBXFileReference; lastKnownFileType = sourcecode.swift; name = SwiftyJSON.swift; path = Pods/SwiftyJSON/../../SwiftyJSON.swift; sourceTree = "<group>"; };
		CF7E8634202908010014B787 /* PrintersViewController.swift */ = {isa = PBXFileReference; lastKnownFileType = sourcecode.swift; path = PrintersViewController.swift; sourceTree = "<group>"; };
		CF7E8635202908010014B787 /* PrintersViewController.xib */ = {isa = PBXFileReference; lastKnownFileType = file.xib; path = PrintersViewController.xib; sourceTree = "<group>"; };
		CF7E863820290D2B0014B787 /* fontAwesomeIcons.swift */ = {isa = PBXFileReference; lastKnownFileType = sourcecode.swift; path = fontAwesomeIcons.swift; sourceTree = "<group>"; };
		CF7E863A2029E83D0014B787 /* ContactUsViewController.swift */ = {isa = PBXFileReference; lastKnownFileType = sourcecode.swift; path = ContactUsViewController.swift; sourceTree = "<group>"; };
		CF7E863B2029E83D0014B787 /* ContactUsViewController.xib */ = {isa = PBXFileReference; lastKnownFileType = file.xib; path = ContactUsViewController.xib; sourceTree = "<group>"; };
		CF7E864B202A0FBA0014B787 /* Countries.swift */ = {isa = PBXFileReference; lastKnownFileType = sourcecode.swift; path = Countries.swift; sourceTree = "<group>"; };
		CF7E865D202A42800014B787 /* HeaderView.xib */ = {isa = PBXFileReference; lastKnownFileType = file.xib; path = HeaderView.xib; sourceTree = "<group>"; };
		CF7E865F202A44950014B787 /* HeaderController.swift */ = {isa = PBXFileReference; lastKnownFileType = sourcecode.swift; path = HeaderController.swift; sourceTree = "<group>"; };
		CF7E8663202B62A90014B787 /* R.swift */ = {isa = PBXFileReference; lastKnownFileType = sourcecode.swift; path = R.swift; sourceTree = "<group>"; };
		CF7E8667202B88570014B787 /* LoginViewController.swift */ = {isa = PBXFileReference; lastKnownFileType = sourcecode.swift; path = LoginViewController.swift; sourceTree = "<group>"; };
		CF7E8668202B88570014B787 /* LoginViewController.xib */ = {isa = PBXFileReference; lastKnownFileType = file.xib; path = LoginViewController.xib; sourceTree = "<group>"; };
		CF7E866D202CBA5B0014B787 /* ProductTemplate.xib */ = {isa = PBXFileReference; lastKnownFileType = file.xib; path = ProductTemplate.xib; sourceTree = "<group>"; };
		CF7E866F202CFB920014B787 /* ProductViewCell.swift */ = {isa = PBXFileReference; lastKnownFileType = sourcecode.swift; path = ProductViewCell.swift; sourceTree = "<group>"; };
		CF7E8675202E1D860014B787 /* YumaApp.entitlements */ = {isa = PBXFileReference; lastKnownFileType = text.plist.entitlements; path = YumaApp.entitlements; sourceTree = "<group>"; };
		CF904E422057FD190086068E /* CartCell.swift */ = {isa = PBXFileReference; lastKnownFileType = sourcecode.swift; path = CartCell.swift; sourceTree = "<group>"; };
		CF904E46205850320086068E /* CustomerOrdersVC.swift */ = {isa = PBXFileReference; lastKnownFileType = sourcecode.swift; path = CustomerOrdersVC.swift; sourceTree = "<group>"; };
		CF9231BC2035FEFD00D44BB6 /* MyAccInfoViewController.swift */ = {isa = PBXFileReference; lastKnownFileType = sourcecode.swift; path = MyAccInfoViewController.swift; sourceTree = "<group>"; };
		CF9231BD2035FEFD00D44BB6 /* MyAccInfoViewController.xib */ = {isa = PBXFileReference; lastKnownFileType = file.xib; path = MyAccInfoViewController.xib; sourceTree = "<group>"; };
		CF9231C02035FF2900D44BB6 /* MyAccAddrViewController.swift */ = {isa = PBXFileReference; lastKnownFileType = sourcecode.swift; path = MyAccAddrViewController.swift; sourceTree = "<group>"; };
		CF9231C12035FF2900D44BB6 /* MyAccAddrViewController.xib */ = {isa = PBXFileReference; lastKnownFileType = file.xib; path = MyAccAddrViewController.xib; sourceTree = "<group>"; };
		CF9231C82035FF6000D44BB6 /* MyAccCSViewController.swift */ = {isa = PBXFileReference; lastKnownFileType = sourcecode.swift; path = MyAccCSViewController.swift; sourceTree = "<group>"; };
		CF9231C92035FF6000D44BB6 /* MyAccCSViewController.xib */ = {isa = PBXFileReference; lastKnownFileType = file.xib; path = MyAccCSViewController.xib; sourceTree = "<group>"; };
		CF9231CC20386CDF00D44BB6 /* MyAccOHViewController.swift */ = {isa = PBXFileReference; lastKnownFileType = sourcecode.swift; path = MyAccOHViewController.swift; sourceTree = "<group>"; };
		CF9231CD20386CDF00D44BB6 /* MyAccOHViewController.xib */ = {isa = PBXFileReference; lastKnownFileType = file.xib; path = MyAccOHViewController.xib; sourceTree = "<group>"; };
		CF9DB7E32061A79E00C1FAD3 /* ProductOptionValues.swift */ = {isa = PBXFileReference; lastKnownFileType = sourcecode.swift; path = ProductOptionValues.swift; sourceTree = "<group>"; };
		CFAB48B92052C56300BF9E7D /* Checkout.storyboard */ = {isa = PBXFileReference; lastKnownFileType = file.storyboard; path = Checkout.storyboard; sourceTree = "<group>"; };
		CFAB48BB2052EA8100BF9E7D /* CheckoutViewController.swift */ = {isa = PBXFileReference; lastKnownFileType = sourcecode.swift; path = CheckoutViewController.swift; sourceTree = "<group>"; };
		CFAFC084201F6DA1002CBC1B /* YumaApp.app */ = {isa = PBXFileReference; explicitFileType = wrapper.application; includeInIndex = 0; path = YumaApp.app; sourceTree = BUILT_PRODUCTS_DIR; };
		CFAFC087201F6DA1002CBC1B /* AppDelegate.swift */ = {isa = PBXFileReference; lastKnownFileType = sourcecode.swift; path = AppDelegate.swift; sourceTree = "<group>"; };
		CFAFC091201F6DA1002CBC1B /* Base */ = {isa = PBXFileReference; lastKnownFileType = file.storyboard; name = Base; path = Base.lproj/LaunchScreen.storyboard; sourceTree = "<group>"; };
		CFAFC098201F6DA1002CBC1B /* YumaAppTests.xctest */ = {isa = PBXFileReference; explicitFileType = wrapper.cfbundle; includeInIndex = 0; path = YumaAppTests.xctest; sourceTree = BUILT_PRODUCTS_DIR; };
		CFAFC09C201F6DA1002CBC1B /* YumaAppTests.swift */ = {isa = PBXFileReference; lastKnownFileType = sourcecode.swift; path = YumaAppTests.swift; sourceTree = "<group>"; };
		CFAFC09E201F6DA1002CBC1B /* Info.plist */ = {isa = PBXFileReference; lastKnownFileType = text.plist.xml; path = Info.plist; sourceTree = "<group>"; };
		CFAFC0A3201F6DA1002CBC1B /* YumaAppUITests.xctest */ = {isa = PBXFileReference; explicitFileType = wrapper.cfbundle; includeInIndex = 0; path = YumaAppUITests.xctest; sourceTree = BUILT_PRODUCTS_DIR; };
		CFAFC0A7201F6DA1002CBC1B /* YumaAppUITests.swift */ = {isa = PBXFileReference; lastKnownFileType = sourcecode.swift; path = YumaAppUITests.swift; sourceTree = "<group>"; };
		CFAFC0A9201F6DA1002CBC1B /* Info.plist */ = {isa = PBXFileReference; lastKnownFileType = text.plist.xml; path = Info.plist; sourceTree = "<group>"; };
		CFAFC0B6201F7943002CBC1B /* FontAwesome.ttf */ = {isa = PBXFileReference; lastKnownFileType = file; path = FontAwesome.ttf; sourceTree = "<group>"; };
		CFAFC0EA201F9142002CBC1B /* Slides.swift */ = {isa = PBXFileReference; lastKnownFileType = sourcecode.swift; path = Slides.swift; sourceTree = "<group>"; };
		CFAFC0EC201F9292002CBC1B /* IconPanel.swift */ = {isa = PBXFileReference; lastKnownFileType = sourcecode.swift; path = IconPanel.swift; sourceTree = "<group>"; };
		CFB02E39204F0E2000429798 /* Info.plist */ = {isa = PBXFileReference; lastKnownFileType = text.plist.xml; path = Info.plist; sourceTree = "<group>"; };
		CFB02E3B204F42ED00429798 /* Products.storyboard */ = {isa = PBXFileReference; lastKnownFileType = file.storyboard; path = Products.storyboard; sourceTree = "<group>"; };
		CFB02E3D204F445A00429798 /* ProductsViewController.swift */ = {isa = PBXFileReference; lastKnownFileType = sourcecode.swift; path = ProductsViewController.swift; sourceTree = "<group>"; };
		CFC1D1F9203B442500343B25 /* ForgotPWViewController.swift */ = {isa = PBXFileReference; lastKnownFileType = sourcecode.swift; path = ForgotPWViewController.swift; sourceTree = "<group>"; };
		CFC1D1FA203B442500343B25 /* ForgotPWViewController.xib */ = {isa = PBXFileReference; lastKnownFileType = file.xib; path = ForgotPWViewController.xib; sourceTree = "<group>"; };
		CFC1D202203C569000343B25 /* ExpandMapViewController.swift */ = {isa = PBXFileReference; lastKnownFileType = sourcecode.swift; path = ExpandMapViewController.swift; sourceTree = "<group>"; };
		CFC1D203203C569000343B25 /* ExpandMapViewController.xib */ = {isa = PBXFileReference; lastKnownFileType = file.xib; path = ExpandMapViewController.xib; sourceTree = "<group>"; };
		CFEC7B2C203DD1FA00F98C57 /* Entry.swift */ = {isa = PBXFileReference; lastKnownFileType = sourcecode.swift; path = Entry.swift; sourceTree = "<group>"; };
		CFEC7B2E203DD33100F98C57 /* Entry.xib */ = {isa = PBXFileReference; lastKnownFileType = file.xib; path = Entry.xib; sourceTree = "<group>"; };
		CFEC7B30203DFD3300F98C57 /* Reachability.swift */ = {isa = PBXFileReference; lastKnownFileType = sourcecode.swift; path = Reachability.swift; sourceTree = "<group>"; };
		CFEE3AAD2047444700526D92 /* CartViewController.swift */ = {isa = PBXFileReference; lastKnownFileType = sourcecode.swift; path = CartViewController.swift; sourceTree = "<group>"; };
		CFF3CFB02034C48700BEDEE4 /* Eureka.framework */ = {isa = PBXFileReference; lastKnownFileType = wrapper.framework; name = Eureka.framework; path = "../../../../Users/yumausa/Library/Developer/Xcode/DerivedData/YumaApp-avolzrtwtmhajogusyiczqivwtce/Build/Products/Debug-iphoneos/Eureka.framework"; sourceTree = "<group>"; };
		CFF3CFB12034DB7800BEDEE4 /* AddressCollectionView.swift */ = {isa = PBXFileReference; lastKnownFileType = sourcecode.swift; path = AddressCollectionView.swift; sourceTree = "<group>"; };
		CFF3CFB32034DC4300BEDEE4 /* AddressCollectionView.xib */ = {isa = PBXFileReference; lastKnownFileType = file.xib; path = AddressCollectionView.xib; sourceTree = "<group>"; };
		CFF3CFB52034E48600BEDEE4 /* DataStore.swift */ = {isa = PBXFileReference; lastKnownFileType = sourcecode.swift; path = DataStore.swift; sourceTree = "<group>"; };
		CFF3CFB72035F00F00BEDEE4 /* MyAccountViewController.swift */ = {isa = PBXFileReference; lastKnownFileType = sourcecode.swift; path = MyAccountViewController.swift; sourceTree = "<group>"; };
		CFF4A7E0204EE568005AE5C8 /* ServicesStoryboard.storyboard */ = {isa = PBXFileReference; lastKnownFileType = file.storyboard; path = ServicesStoryboard.storyboard; sourceTree = "<group>"; };
		CFF4A7E2204EE5D1005AE5C8 /* ServicesViewController.swift */ = {isa = PBXFileReference; lastKnownFileType = sourcecode.swift; path = ServicesViewController.swift; sourceTree = "<group>"; };
		CFF4A7E4204EE5F9005AE5C8 /* ServicesCell.swift */ = {isa = PBXFileReference; lastKnownFileType = sourcecode.swift; path = ServicesCell.swift; sourceTree = "<group>"; };
		CFF4A8BF204EFFFA005AE5C8 /* Assets.xcassets */ = {isa = PBXFileReference; lastKnownFileType = folder.assetcatalog; name = Assets.xcassets; path = YumaApp/Assets.xcassets; sourceTree = "<group>"; };
		CFF4A8C1204F01A8005AE5C8 /* AnnotationPin.swift */ = {isa = PBXFileReference; lastKnownFileType = sourcecode.swift; path = AnnotationPin.swift; sourceTree = "<group>"; };
		CFF4A8C5204F0D58005AE5C8 /* Default-568h@2x.png */ = {isa = PBXFileReference; lastKnownFileType = image.png; path = "Default-568h@2x.png"; sourceTree = "<group>"; };
/* End PBXFileReference section */

/* Begin PBXFrameworksBuildPhase section */
		CFAFC081201F6DA1002CBC1B /* Frameworks */ = {
			isa = PBXFrameworksBuildPhase;
			buildActionMask = 2147483647;
			files = (
				905B9ADF2B12BF77F1CB7C8D /* Pods_YumaApp.framework in Frameworks */,
			);
			runOnlyForDeploymentPostprocessing = 0;
		};
		CFAFC095201F6DA1002CBC1B /* Frameworks */ = {
			isa = PBXFrameworksBuildPhase;
			buildActionMask = 2147483647;
			files = (
				77AEFEB52CCED4506475D0A9 /* Pods_YumaAppTests.framework in Frameworks */,
			);
			runOnlyForDeploymentPostprocessing = 0;
		};
		CFAFC0A0201F6DA1002CBC1B /* Frameworks */ = {
			isa = PBXFrameworksBuildPhase;
			buildActionMask = 2147483647;
			files = (
				A476738C515BD60BDC29B509 /* Pods_YumaAppUITests.framework in Frameworks */,
			);
			runOnlyForDeploymentPostprocessing = 0;
		};
/* End PBXFrameworksBuildPhase section */

/* Begin PBXGroup section */
		015ADD46E14F669CF22CA313 /* Pods */ = {
			isa = PBXGroup;
			children = (
				057A747F0261C5418B078353 /* Pods-YumaApp.debug.xcconfig */,
				AE1C6B3F93C3CDB25CE334C1 /* Pods-YumaApp.release.xcconfig */,
				392768AA0A60F91FDDB5AB8B /* Pods-YumaAppTests.debug.xcconfig */,
				4F16076F5CC5D486C6868E0A /* Pods-YumaAppTests.release.xcconfig */,
				7779EC198305B6B55E98D3CA /* Pods-YumaAppUITests.debug.xcconfig */,
				5B61A020F0F62CB2AC7C5093 /* Pods-YumaAppUITests.release.xcconfig */,
			);
			name = Pods;
			sourceTree = "<group>";
		};
		28DB1A0CACEC912941C15AC3 /* Frameworks */ = {
			isa = PBXGroup;
			children = (
				CFF3CFB02034C48700BEDEE4 /* Eureka.framework */,
				C310D4D5AC23CE8E97C74431 /* Pods_YumaApp.framework */,
				450FA0398939E6DB72DC86CF /* Pods_YumaAppTests.framework */,
				5B7B38EA7A1928E4038B0A36 /* Pods_YumaAppUITests.framework */,
			);
			name = Frameworks;
			sourceTree = "<group>";
		};
		CF182DC1203205F80070B9E5 /* Controls */ = {
			isa = PBXGroup;
			children = (
				CF384BFB205FFE7F005CCD57 /* Medium */,
				CF384BF9205EC0D5005CCD57 /* PSREST.swift */,
				CF384BF5205EBBA9005CCD57 /* MyClient.swift */,
				CF384BF7205EBF74005CCD57 /* Endpoint.swift */,
				CF384BF3205EBB6D005CCD57 /* Result.swift */,
				CF384BF1205EBB17005CCD57 /* APIError.swift */,
				CF384BEF205EBB04005CCD57 /* APIClient.swift */,
				CFF3CFB52034E48600BEDEE4 /* DataStore.swift */,
				CFEC7B30203DFD3300F98C57 /* Reachability.swift */,
				CF182DB52030F4C90070B9E5 /* GradientButton.swift */,
				CF182DCF203340E50070B9E5 /* PSWebServices.swift */,
			);
			path = Controls;
			sourceTree = "<group>";
		};
		CF384BFB205FFE7F005CCD57 /* Medium */ = {
			isa = PBXGroup;
			children = (
				CF384BFC205FFF0A005CCD57 /* Contents.swift */,
			);
			path = Medium;
			sourceTree = "<group>";
		};
		CF5C730C2049B932008763DB /* Cells */ = {
			isa = PBXGroup;
			children = (
				CF4051A82041A15600AE21BC /* PageCell.swift */,
				CF5C730A2049B338008763DB /* CartViewCell.swift */,
				CF7E866F202CFB920014B787 /* ProductViewCell.swift */,
				CF6019EC2049D61700217025 /* AddrCollectionViewCell.swift */,
				CFEC7B2E203DD33100F98C57 /* Entry.xib */,
				CFF3CFB12034DB7800BEDEE4 /* AddressCollectionView.swift */,
				CFF4A7E4204EE5F9005AE5C8 /* ServicesCell.swift */,
				CF904E422057FD190086068E /* CartCell.swift */,
			);
			path = Cells;
			sourceTree = "<group>";
		};
		CF7E863E2029EA760014B787 /* Views */ = {
			isa = PBXGroup;
			children = (
				CFB02E3B204F42ED00429798 /* Products.storyboard */,
				CF6019EA2049CE4E00217025 /* AddrStoryboard.storyboard */,
				CF5C73082049AB32008763DB /* CartStoryboard.storyboard */,
				CF7E865D202A42800014B787 /* HeaderView.xib */,
				CF7E866D202CBA5B0014B787 /* ProductTemplate.xib */,
				CF7E8635202908010014B787 /* PrintersViewController.xib */,
				CF7E863B2029E83D0014B787 /* ContactUsViewController.xib */,
				CF7E8668202B88570014B787 /* LoginViewController.xib */,
				CF182DB32030C32C0070B9E5 /* LaptopsViewController.xib */,
				CF182DB82030F7FB0070B9E5 /* WebpageViewController.xib */,
				CFF3CFB32034DC4300BEDEE4 /* AddressCollectionView.xib */,
				CF337F362038E35600C93FAF /* MyAccountViewController.xib */,
				CF9231BD2035FEFD00D44BB6 /* MyAccInfoViewController.xib */,
				CF9231C12035FF2900D44BB6 /* MyAccAddrViewController.xib */,
				CF9231C92035FF6000D44BB6 /* MyAccCSViewController.xib */,
				CF9231CD20386CDF00D44BB6 /* MyAccOHViewController.xib */,
				CFC1D1FA203B442500343B25 /* ForgotPWViewController.xib */,
				CFC1D203203C569000343B25 /* ExpandMapViewController.xib */,
				CF126939204B38EB008EFD04 /* ProductsStoryboard.storyboard */,
				CFF4A7E0204EE568005AE5C8 /* ServicesStoryboard.storyboard */,
				CFAB48B92052C56300BF9E7D /* Checkout.storyboard */,
			);
			path = Views;
			sourceTree = "<group>";
		};
		CFAFC07B201F6DA1002CBC1B = {
			isa = PBXGroup;
			children = (
				CF63DD33206424AC00025007 /* CustomAlertView.swift */,
				CF63DD31206423BE00025007 /* AlertModal.swift */,
				CF26FFC120586C1300532C11 /* CustomerOrders.storyboard */,
				CF4D4FF7205883970090544B /* CustomCollectionViewLayout.swift */,
				CF4D4FF520587AD30090544B /* CustomCollectionViewController.swift */,
				CF26FFC320586CD300532C11 /* CustomCollectionViewCell.swift */,
				CF904E46205850320086068E /* CustomerOrdersVC.swift */,
				CF1DDD5820575AA800B189C3 /* CustomProductView.swift */,
				CF601A032049F87400217025 /* MyExtentions.swift */,
				CF65C5C720409ABD00517432 /* SwiftyJSON.swift */,
				CF7E8663202B62A90014B787 /* R.swift */,
				CFAFC086201F6DA1002CBC1B /* YumaApp */,
				CFF4A8C5204F0D58005AE5C8 /* Default-568h@2x.png */,
				CFF4A8BF204EFFFA005AE5C8 /* Assets.xcassets */,
				CFAFC09B201F6DA1002CBC1B /* YumaAppTests */,
				CFAFC0A6201F6DA1002CBC1B /* YumaAppUITests */,
				CFAFC085201F6DA1002CBC1B /* Products */,
				015ADD46E14F669CF22CA313 /* Pods */,
				28DB1A0CACEC912941C15AC3 /* Frameworks */,
			);
			sourceTree = "<group>";
		};
		CFAFC085201F6DA1002CBC1B /* Products */ = {
			isa = PBXGroup;
			children = (
				CFAFC084201F6DA1002CBC1B /* YumaApp.app */,
				CFAFC098201F6DA1002CBC1B /* YumaAppTests.xctest */,
				CFAFC0A3201F6DA1002CBC1B /* YumaAppUITests.xctest */,
			);
			name = Products;
			sourceTree = "<group>";
		};
		CFAFC086201F6DA1002CBC1B /* YumaApp */ = {
			isa = PBXGroup;
			children = (
				CF5C730C2049B932008763DB /* Cells */,
				CFC1D201203B45F000343B25 /* Controllers */,
				CF7E8675202E1D860014B787 /* YumaApp.entitlements */,
				CFAFC087201F6DA1002CBC1B /* AppDelegate.swift */,
				CFAFC090201F6DA1002CBC1B /* LaunchScreen.storyboard */,
				CFB02E39204F0E2000429798 /* Info.plist */,
				CF7E863E2029EA760014B787 /* Views */,
				CF182DC1203205F80070B9E5 /* Controls */,
				CFAFC0E9201F911D002CBC1B /* Models */,
				CFAFC0B5201F7857002CBC1B /* Fonts */,
			);
			path = YumaApp;
			sourceTree = "<group>";
		};
		CFAFC09B201F6DA1002CBC1B /* YumaAppTests */ = {
			isa = PBXGroup;
			children = (
				CFAFC09C201F6DA1002CBC1B /* YumaAppTests.swift */,
				CFAFC09E201F6DA1002CBC1B /* Info.plist */,
			);
			path = YumaAppTests;
			sourceTree = "<group>";
		};
		CFAFC0A6201F6DA1002CBC1B /* YumaAppUITests */ = {
			isa = PBXGroup;
			children = (
				CFAFC0A7201F6DA1002CBC1B /* YumaAppUITests.swift */,
				CFAFC0A9201F6DA1002CBC1B /* Info.plist */,
			);
			path = YumaAppUITests;
			sourceTree = "<group>";
		};
		CFAFC0B5201F7857002CBC1B /* Fonts */ = {
			isa = PBXGroup;
			children = (
				CF7E863820290D2B0014B787 /* fontAwesomeIcons.swift */,
				CFAFC0B6201F7943002CBC1B /* FontAwesome.ttf */,
			);
			path = Fonts;
			sourceTree = "<group>";
		};
		CFAFC0E9201F911D002CBC1B /* Models */ = {
			isa = PBXGroup;
			children = (
				CFAFC0EA201F9142002CBC1B /* Slides.swift */,
				CFAFC0EC201F9292002CBC1B /* IconPanel.swift */,
				CF601A07204ADEA100217025 /* IdValue.swift */,
				CF182DD1203344C00070B9E5 /* Addresses.swift */,
				CF601A05204ADBB800217025 /* Carriers.swift */,
				CF126943204C8506008EFD04 /* CartRules.swift */,
				CF182DC3203219900070B9E5 /* Carts.swift */,
				CF12693F204C4A6F008EFD04 /* Categories.swift */,
				CF126945204C8674008EFD04 /* Combinations.swift */,
				CF7E864B202A0FBA0014B787 /* Countries.swift */,
				CF126947204C8B63008EFD04 /* Currencies.swift */,
				CF182DCD203327880070B9E5 /* Customers.swift */,
				CF126941204C7B76008EFD04 /* Images.swift */,
				CF384BE0205D55B4005CCD57 /* Languages.swift */,
				CF126949204C8CF2008EFD04 /* Manufacturers.swift */,
				CF601A0B204AE0B300217025 /* Messages.swift */,
				CF601A0D204AE13700217025 /* OrderCarriers.swift */,
				CF601A0F204AE21300217025 /* OrderDetails.swift */,
				CF601A11204AE33900217025 /* OrderHistories.swift */,
				CF601A13204AE4AD00217025 /* OrderInvoices.swift */,
				CF601A15204AE61500217025 /* OrderPayments.swift */,
				CF601A17204AE69A00217025 /* OrderStates.swift */,
				CF182DC720321DD70070B9E5 /* Orders.swift */,
				CF9DB7E32061A79E00C1FAD3 /* ProductOptionValues.swift */,
				CF63DD2F2064079500025007 /* ProductOption.swift */,
				CF182DCB20331DA00070B9E5 /* Products.swift */,
				CF384BFE20604D3E005CCD57 /* ScoialMedia.swift */,
				CF601A1B204AEAE700217025 /* States.swift */,
				CF601A1D204AEB7500217025 /* Tags.swift */,
				CF601A1F204AEC6A00217025 /* Taxes.swift */,
			);
			path = Models;
			sourceTree = "<group>";
		};
		CFC1D201203B45F000343B25 /* Controllers */ = {
			isa = PBXGroup;
			children = (
				CF4051A620419A8C00AE21BC /* SwipingController.swift */,
				CF5C72AA20485072008763DB /* SwipingControllerCollection.swift */,
				CF5C72AC204851A3008763DB /* SwipingControllerTaps.swift */,
				CFEE3AAD2047444700526D92 /* CartViewController.swift */,
				CF7E865F202A44950014B787 /* HeaderController.swift */,
				CF7E8634202908010014B787 /* PrintersViewController.swift */,
				CF7E8667202B88570014B787 /* LoginViewController.swift */,
				CF48A6A9202F3BE500FEEC7F /* LaptopsViewController.swift */,
				CF182DB72030F7FB0070B9E5 /* WebpageViewController.swift */,
				CFF3CFB72035F00F00BEDEE4 /* MyAccountViewController.swift */,
				CF9231BC2035FEFD00D44BB6 /* MyAccInfoViewController.swift */,
				CF9231C02035FF2900D44BB6 /* MyAccAddrViewController.swift */,
				CF9231C82035FF6000D44BB6 /* MyAccCSViewController.swift */,
				CF9231CC20386CDF00D44BB6 /* MyAccOHViewController.swift */,
				CFC1D1F9203B442500343B25 /* ForgotPWViewController.swift */,
				CFC1D202203C569000343B25 /* ExpandMapViewController.swift */,
				CFEC7B2C203DD1FA00F98C57 /* Entry.swift */,
				CFF4A7E2204EE5D1005AE5C8 /* ServicesViewController.swift */,
				CFF4A8C1204F01A8005AE5C8 /* AnnotationPin.swift */,
				CF7E863A2029E83D0014B787 /* ContactUsViewController.swift */,
				CFB02E3D204F445A00429798 /* ProductsViewController.swift */,
				CFAB48BB2052EA8100BF9E7D /* CheckoutViewController.swift */,
			);
			path = Controllers;
			sourceTree = "<group>";
		};
/* End PBXGroup section */

/* Begin PBXNativeTarget section */
		CFAFC083201F6DA1002CBC1B /* YumaApp */ = {
			isa = PBXNativeTarget;
			buildConfigurationList = CFAFC0AC201F6DA1002CBC1B /* Build configuration list for PBXNativeTarget "YumaApp" */;
			buildPhases = (
				15784A9F3066C5EC026E8F57 /* [CP] Check Pods Manifest.lock */,
				CFAFC080201F6DA1002CBC1B /* Sources */,
				CFAFC081201F6DA1002CBC1B /* Frameworks */,
				CFAFC082201F6DA1002CBC1B /* Resources */,
				D6AFC8110EC5A5A664BEAB02 /* [CP] Embed Pods Frameworks */,
				BDDE96B069BD7EF930801DFC /* [CP] Copy Pods Resources */,
			);
			buildRules = (
			);
			dependencies = (
			);
			name = YumaApp;
			productName = YumaApp;
			productReference = CFAFC084201F6DA1002CBC1B /* YumaApp.app */;
			productType = "com.apple.product-type.application";
		};
		CFAFC097201F6DA1002CBC1B /* YumaAppTests */ = {
			isa = PBXNativeTarget;
			buildConfigurationList = CFAFC0AF201F6DA1002CBC1B /* Build configuration list for PBXNativeTarget "YumaAppTests" */;
			buildPhases = (
				7CC52F587C44702D969AA467 /* [CP] Check Pods Manifest.lock */,
				CFAFC094201F6DA1002CBC1B /* Sources */,
				CFAFC095201F6DA1002CBC1B /* Frameworks */,
				CFAFC096201F6DA1002CBC1B /* Resources */,
				87D8AF0704538539E140DB4C /* [CP] Embed Pods Frameworks */,
				C2C087027B4AB483337C6D86 /* [CP] Copy Pods Resources */,
			);
			buildRules = (
			);
			dependencies = (
				CFAFC09A201F6DA1002CBC1B /* PBXTargetDependency */,
			);
			name = YumaAppTests;
			productName = YumaAppTests;
			productReference = CFAFC098201F6DA1002CBC1B /* YumaAppTests.xctest */;
			productType = "com.apple.product-type.bundle.unit-test";
		};
		CFAFC0A2201F6DA1002CBC1B /* YumaAppUITests */ = {
			isa = PBXNativeTarget;
			buildConfigurationList = CFAFC0B2201F6DA1002CBC1B /* Build configuration list for PBXNativeTarget "YumaAppUITests" */;
			buildPhases = (
				28888132D54E7A45635E9F91 /* [CP] Check Pods Manifest.lock */,
				CFAFC09F201F6DA1002CBC1B /* Sources */,
				CFAFC0A0201F6DA1002CBC1B /* Frameworks */,
				CFAFC0A1201F6DA1002CBC1B /* Resources */,
				1261E962EF387282181461AD /* [CP] Embed Pods Frameworks */,
				0904CA2E46F8DCAA71017A33 /* [CP] Copy Pods Resources */,
			);
			buildRules = (
			);
			dependencies = (
				CFAFC0A5201F6DA1002CBC1B /* PBXTargetDependency */,
			);
			name = YumaAppUITests;
			productName = YumaAppUITests;
			productReference = CFAFC0A3201F6DA1002CBC1B /* YumaAppUITests.xctest */;
			productType = "com.apple.product-type.bundle.ui-testing";
		};
/* End PBXNativeTarget section */

/* Begin PBXProject section */
		CFAFC07C201F6DA1002CBC1B /* Project object */ = {
			isa = PBXProject;
			attributes = {
				LastSwiftUpdateCheck = 0920;
				LastUpgradeCheck = 0920;
				ORGANIZATIONNAME = "Yuma Usa";
				TargetAttributes = {
					CFAFC083201F6DA1002CBC1B = {
						CreatedOnToolsVersion = 9.2;
						ProvisioningStyle = Automatic;
						SystemCapabilities = {
							com.apple.BackgroundModes = {
								enabled = 0;
							};
							com.apple.HomeKit = {
								enabled = 0;
							};
							com.apple.Maps.iOS = {
								enabled = 0;
							};
							com.apple.WAC = {
								enabled = 0;
							};
						};
					};
					CFAFC097201F6DA1002CBC1B = {
						CreatedOnToolsVersion = 9.2;
						ProvisioningStyle = Automatic;
						TestTargetID = CFAFC083201F6DA1002CBC1B;
					};
					CFAFC0A2201F6DA1002CBC1B = {
						CreatedOnToolsVersion = 9.2;
						ProvisioningStyle = Automatic;
						TestTargetID = CFAFC083201F6DA1002CBC1B;
					};
				};
			};
			buildConfigurationList = CFAFC07F201F6DA1002CBC1B /* Build configuration list for PBXProject "YumaApp" */;
			compatibilityVersion = "Xcode 8.0";
			developmentRegion = en;
			hasScannedForEncodings = 0;
			knownRegions = (
				en,
				Base,
			);
			mainGroup = CFAFC07B201F6DA1002CBC1B;
			productRefGroup = CFAFC085201F6DA1002CBC1B /* Products */;
			projectDirPath = "";
			projectRoot = "";
			targets = (
				CFAFC083201F6DA1002CBC1B /* YumaApp */,
				CFAFC097201F6DA1002CBC1B /* YumaAppTests */,
				CFAFC0A2201F6DA1002CBC1B /* YumaAppUITests */,
			);
		};
/* End PBXProject section */

/* Begin PBXResourcesBuildPhase section */
		CFAFC082201F6DA1002CBC1B /* Resources */ = {
			isa = PBXResourcesBuildPhase;
			buildActionMask = 2147483647;
			files = (
				CF6019EB2049CE4E00217025 /* AddrStoryboard.storyboard in Resources */,
				CFAFC092201F6DA1002CBC1B /* LaunchScreen.storyboard in Resources */,
				CFB02E3C204F42ED00429798 /* Products.storyboard in Resources */,
				CF5C73092049AB32008763DB /* CartStoryboard.storyboard in Resources */,
				CF7E866E202CBA5B0014B787 /* ProductTemplate.xib in Resources */,
				CFF4A8C0204EFFFB005AE5C8 /* Assets.xcassets in Resources */,
				CF26FFC220586C1300532C11 /* CustomerOrders.storyboard in Resources */,
				CFF4A8C6204F0D59005AE5C8 /* Default-568h@2x.png in Resources */,
				CF9231C32035FF2900D44BB6 /* MyAccAddrViewController.xib in Resources */,
				CF9231BF2035FEFD00D44BB6 /* MyAccInfoViewController.xib in Resources */,
				CF337F372038E35600C93FAF /* MyAccountViewController.xib in Resources */,
				CF7E863D2029E83D0014B787 /* ContactUsViewController.xib in Resources */,
				CFAFC0B7201F7943002CBC1B /* FontAwesome.ttf in Resources */,
				CFC1D205203C569000343B25 /* ExpandMapViewController.xib in Resources */,
				CF182DB42030C32C0070B9E5 /* LaptopsViewController.xib in Resources */,
				CFF4A7E1204EE568005AE5C8 /* ServicesStoryboard.storyboard in Resources */,
				CF182DBA2030F7FB0070B9E5 /* WebpageViewController.xib in Resources */,
				CFEC7B2F203DD33100F98C57 /* Entry.xib in Resources */,
				CF7E8637202908010014B787 /* PrintersViewController.xib in Resources */,
				CFC1D1FC203B442500343B25 /* ForgotPWViewController.xib in Resources */,
				CF9231CB2035FF6000D44BB6 /* MyAccCSViewController.xib in Resources */,
				CF12693A204B38EB008EFD04 /* ProductsStoryboard.storyboard in Resources */,
				CFF3CFB42034DC4300BEDEE4 /* AddressCollectionView.xib in Resources */,
				CFAB48BA2052C56300BF9E7D /* Checkout.storyboard in Resources */,
				CF9231CF20386CDF00D44BB6 /* MyAccOHViewController.xib in Resources */,
				CF7E865E202A42800014B787 /* HeaderView.xib in Resources */,
				CF7E866A202B88570014B787 /* LoginViewController.xib in Resources */,
			);
			runOnlyForDeploymentPostprocessing = 0;
		};
		CFAFC096201F6DA1002CBC1B /* Resources */ = {
			isa = PBXResourcesBuildPhase;
			buildActionMask = 2147483647;
			files = (
			);
			runOnlyForDeploymentPostprocessing = 0;
		};
		CFAFC0A1201F6DA1002CBC1B /* Resources */ = {
			isa = PBXResourcesBuildPhase;
			buildActionMask = 2147483647;
			files = (
			);
			runOnlyForDeploymentPostprocessing = 0;
		};
/* End PBXResourcesBuildPhase section */

/* Begin PBXShellScriptBuildPhase section */
		0904CA2E46F8DCAA71017A33 /* [CP] Copy Pods Resources */ = {
			isa = PBXShellScriptBuildPhase;
			buildActionMask = 2147483647;
			files = (
			);
			inputPaths = (
			);
			name = "[CP] Copy Pods Resources";
			outputPaths = (
			);
			runOnlyForDeploymentPostprocessing = 0;
			shellPath = /bin/sh;
			shellScript = "\"${SRCROOT}/Pods/Target Support Files/Pods-YumaAppUITests/Pods-YumaAppUITests-resources.sh\"\n";
			showEnvVarsInLog = 0;
		};
		1261E962EF387282181461AD /* [CP] Embed Pods Frameworks */ = {
			isa = PBXShellScriptBuildPhase;
			buildActionMask = 2147483647;
			files = (
			);
			inputPaths = (
			);
			name = "[CP] Embed Pods Frameworks";
			outputPaths = (
			);
			runOnlyForDeploymentPostprocessing = 0;
			shellPath = /bin/sh;
			shellScript = "\"${SRCROOT}/Pods/Target Support Files/Pods-YumaAppUITests/Pods-YumaAppUITests-frameworks.sh\"\n";
			showEnvVarsInLog = 0;
		};
		15784A9F3066C5EC026E8F57 /* [CP] Check Pods Manifest.lock */ = {
			isa = PBXShellScriptBuildPhase;
			buildActionMask = 2147483647;
			files = (
			);
			inputPaths = (
				"${PODS_PODFILE_DIR_PATH}/Podfile.lock",
				"${PODS_ROOT}/Manifest.lock",
			);
			name = "[CP] Check Pods Manifest.lock";
			outputPaths = (
				"$(DERIVED_FILE_DIR)/Pods-YumaApp-checkManifestLockResult.txt",
			);
			runOnlyForDeploymentPostprocessing = 0;
			shellPath = /bin/sh;
			shellScript = "diff \"${PODS_PODFILE_DIR_PATH}/Podfile.lock\" \"${PODS_ROOT}/Manifest.lock\" > /dev/null\nif [ $? != 0 ] ; then\n    # print error to STDERR\n    echo \"error: The sandbox is not in sync with the Podfile.lock. Run 'pod install' or update your CocoaPods installation.\" >&2\n    exit 1\nfi\n# This output is used by Xcode 'outputs' to avoid re-running this script phase.\necho \"SUCCESS\" > \"${SCRIPT_OUTPUT_FILE_0}\"\n";
			showEnvVarsInLog = 0;
		};
		28888132D54E7A45635E9F91 /* [CP] Check Pods Manifest.lock */ = {
			isa = PBXShellScriptBuildPhase;
			buildActionMask = 2147483647;
			files = (
			);
			inputPaths = (
				"${PODS_PODFILE_DIR_PATH}/Podfile.lock",
				"${PODS_ROOT}/Manifest.lock",
			);
			name = "[CP] Check Pods Manifest.lock";
			outputPaths = (
				"$(DERIVED_FILE_DIR)/Pods-YumaAppUITests-checkManifestLockResult.txt",
			);
			runOnlyForDeploymentPostprocessing = 0;
			shellPath = /bin/sh;
			shellScript = "diff \"${PODS_PODFILE_DIR_PATH}/Podfile.lock\" \"${PODS_ROOT}/Manifest.lock\" > /dev/null\nif [ $? != 0 ] ; then\n    # print error to STDERR\n    echo \"error: The sandbox is not in sync with the Podfile.lock. Run 'pod install' or update your CocoaPods installation.\" >&2\n    exit 1\nfi\n# This output is used by Xcode 'outputs' to avoid re-running this script phase.\necho \"SUCCESS\" > \"${SCRIPT_OUTPUT_FILE_0}\"\n";
			showEnvVarsInLog = 0;
		};
		7CC52F587C44702D969AA467 /* [CP] Check Pods Manifest.lock */ = {
			isa = PBXShellScriptBuildPhase;
			buildActionMask = 2147483647;
			files = (
			);
			inputPaths = (
				"${PODS_PODFILE_DIR_PATH}/Podfile.lock",
				"${PODS_ROOT}/Manifest.lock",
			);
			name = "[CP] Check Pods Manifest.lock";
			outputPaths = (
				"$(DERIVED_FILE_DIR)/Pods-YumaAppTests-checkManifestLockResult.txt",
			);
			runOnlyForDeploymentPostprocessing = 0;
			shellPath = /bin/sh;
			shellScript = "diff \"${PODS_PODFILE_DIR_PATH}/Podfile.lock\" \"${PODS_ROOT}/Manifest.lock\" > /dev/null\nif [ $? != 0 ] ; then\n    # print error to STDERR\n    echo \"error: The sandbox is not in sync with the Podfile.lock. Run 'pod install' or update your CocoaPods installation.\" >&2\n    exit 1\nfi\n# This output is used by Xcode 'outputs' to avoid re-running this script phase.\necho \"SUCCESS\" > \"${SCRIPT_OUTPUT_FILE_0}\"\n";
			showEnvVarsInLog = 0;
		};
		87D8AF0704538539E140DB4C /* [CP] Embed Pods Frameworks */ = {
			isa = PBXShellScriptBuildPhase;
			buildActionMask = 2147483647;
			files = (
			);
			inputPaths = (
			);
			name = "[CP] Embed Pods Frameworks";
			outputPaths = (
			);
			runOnlyForDeploymentPostprocessing = 0;
			shellPath = /bin/sh;
			shellScript = "\"${SRCROOT}/Pods/Target Support Files/Pods-YumaAppTests/Pods-YumaAppTests-frameworks.sh\"\n";
			showEnvVarsInLog = 0;
		};
		BDDE96B069BD7EF930801DFC /* [CP] Copy Pods Resources */ = {
			isa = PBXShellScriptBuildPhase;
			buildActionMask = 2147483647;
			files = (
			);
			inputPaths = (
			);
			name = "[CP] Copy Pods Resources";
			outputPaths = (
			);
			runOnlyForDeploymentPostprocessing = 0;
			shellPath = /bin/sh;
			shellScript = "\"${SRCROOT}/Pods/Target Support Files/Pods-YumaApp/Pods-YumaApp-resources.sh\"\n";
			showEnvVarsInLog = 0;
		};
		C2C087027B4AB483337C6D86 /* [CP] Copy Pods Resources */ = {
			isa = PBXShellScriptBuildPhase;
			buildActionMask = 2147483647;
			files = (
			);
			inputPaths = (
			);
			name = "[CP] Copy Pods Resources";
			outputPaths = (
			);
			runOnlyForDeploymentPostprocessing = 0;
			shellPath = /bin/sh;
			shellScript = "\"${SRCROOT}/Pods/Target Support Files/Pods-YumaAppTests/Pods-YumaAppTests-resources.sh\"\n";
			showEnvVarsInLog = 0;
		};
		D6AFC8110EC5A5A664BEAB02 /* [CP] Embed Pods Frameworks */ = {
			isa = PBXShellScriptBuildPhase;
			buildActionMask = 2147483647;
			files = (
			);
			inputPaths = (
				"${SRCROOT}/Pods/Target Support Files/Pods-YumaApp/Pods-YumaApp-frameworks.sh",
				"${BUILT_PRODUCTS_DIR}/SwiftDataTables/SwiftDataTables.framework",
			);
			name = "[CP] Embed Pods Frameworks";
			outputPaths = (
				"${TARGET_BUILD_DIR}/${FRAMEWORKS_FOLDER_PATH}/SwiftDataTables.framework",
			);
			runOnlyForDeploymentPostprocessing = 0;
			shellPath = /bin/sh;
			shellScript = "\"${SRCROOT}/Pods/Target Support Files/Pods-YumaApp/Pods-YumaApp-frameworks.sh\"\n";
			showEnvVarsInLog = 0;
		};
/* End PBXShellScriptBuildPhase section */

/* Begin PBXSourcesBuildPhase section */
		CFAFC080201F6DA1002CBC1B /* Sources */ = {
			isa = PBXSourcesBuildPhase;
			buildActionMask = 2147483647;
			files = (
				CFF3CFB92035F00F00BEDEE4 /* MyAccountViewController.swift in Sources */,
				CF601A14204AE4AD00217025 /* OrderInvoices.swift in Sources */,
				CF7E8664202B62A90014B787 /* R.swift in Sources */,
				CF384BFF20604D3E005CCD57 /* ScoialMedia.swift in Sources */,
				CF9231CA2035FF6000D44BB6 /* MyAccCSViewController.swift in Sources */,
				CF7E863920290D2B0014B787 /* fontAwesomeIcons.swift in Sources */,
				CFAFC0EB201F9142002CBC1B /* Slides.swift in Sources */,
				CF904E432057FD190086068E /* CartCell.swift in Sources */,
				CF5C72AB20485072008763DB /* SwipingControllerCollection.swift in Sources */,
				CF9231BE2035FEFD00D44BB6 /* MyAccInfoViewController.swift in Sources */,
				CFAFC0ED201F9292002CBC1B /* IconPanel.swift in Sources */,
				CF384BF4205EBB6D005CCD57 /* Result.swift in Sources */,
				CF182DD2203344C00070B9E5 /* Addresses.swift in Sources */,
				CFAFC088201F6DA1002CBC1B /* AppDelegate.swift in Sources */,
				CFF3CFB22034DB7800BEDEE4 /* AddressCollectionView.swift in Sources */,
				CF182DC820321DD70070B9E5 /* Orders.swift in Sources */,
				CF7E864C202A0FBA0014B787 /* Countries.swift in Sources */,
				CF384BFD205FFF0A005CCD57 /* Contents.swift in Sources */,
				CFEE3AAF2047444700526D92 /* CartViewController.swift in Sources */,
				CFEC7B2D203DD1FA00F98C57 /* Entry.swift in Sources */,
				CF7E8660202A44950014B787 /* HeaderController.swift in Sources */,
				CF601A0E204AE13700217025 /* OrderCarriers.swift in Sources */,
				CF601A18204AE69A00217025 /* OrderStates.swift in Sources */,
				CF182DD0203340E50070B9E5 /* PSWebServices.swift in Sources */,
				CF182DB92030F7FB0070B9E5 /* WebpageViewController.swift in Sources */,
				CFC1D204203C569000343B25 /* ExpandMapViewController.swift in Sources */,
				CFF4A8C2204F01A8005AE5C8 /* AnnotationPin.swift in Sources */,
				CF601A1E204AEB7500217025 /* Tags.swift in Sources */,
				CF904E47205850320086068E /* CustomerOrdersVC.swift in Sources */,
				CF601A042049F87400217025 /* MyExtentions.swift in Sources */,
				CF63DD34206424AC00025007 /* CustomAlertView.swift in Sources */,
				CF182DB62030F4C90070B9E5 /* GradientButton.swift in Sources */,
				CF384BF6205EBBA9005CCD57 /* MyClient.swift in Sources */,
				CF601A06204ADBB800217025 /* Carriers.swift in Sources */,
				CFF3CFB62034E48600BEDEE4 /* DataStore.swift in Sources */,
				CF5C730B2049B338008763DB /* CartViewCell.swift in Sources */,
				CF601A20204AEC6A00217025 /* Taxes.swift in Sources */,
				CF384BFA205EC0D5005CCD57 /* PSREST.swift in Sources */,
				CF7E863C2029E83D0014B787 /* ContactUsViewController.swift in Sources */,
				CF63DD32206423BE00025007 /* AlertModal.swift in Sources */,
				CF12694A204C8CF2008EFD04 /* Manufacturers.swift in Sources */,
				CF6019ED2049D61700217025 /* AddrCollectionViewCell.swift in Sources */,
				CF63DD302064079500025007 /* ProductOption.swift in Sources */,
				CF601A16204AE61500217025 /* OrderPayments.swift in Sources */,
				CFAB48BC2052EA8100BF9E7D /* CheckoutViewController.swift in Sources */,
				CF4D4FF8205883970090544B /* CustomCollectionViewLayout.swift in Sources */,
				CF7E8670202CFB920014B787 /* ProductViewCell.swift in Sources */,
				CF182DCC20331DA00070B9E5 /* Products.swift in Sources */,
				CF182DCE203327880070B9E5 /* Customers.swift in Sources */,
				CF4051A720419A8C00AE21BC /* SwipingController.swift in Sources */,
				CF126948204C8B63008EFD04 /* Currencies.swift in Sources */,
				CF7E8636202908010014B787 /* PrintersViewController.swift in Sources */,
				CF1DDD5920575AA800B189C3 /* CustomProductView.swift in Sources */,
				CF7E8669202B88570014B787 /* LoginViewController.swift in Sources */,
				CF65C5C820409ABD00517432 /* SwiftyJSON.swift in Sources */,
				CF384BF8205EBF74005CCD57 /* Endpoint.swift in Sources */,
				CF601A1C204AEAE700217025 /* States.swift in Sources */,
				CF126940204C4A6F008EFD04 /* Categories.swift in Sources */,
				CF4051A92041A15600AE21BC /* PageCell.swift in Sources */,
				CF9DB7E42061A79E00C1FAD3 /* ProductOptionValues.swift in Sources */,
				CF4D4FF620587AD30090544B /* CustomCollectionViewController.swift in Sources */,
				CF384BF0205EBB04005CCD57 /* APIClient.swift in Sources */,
				CF5C72AD204851A3008763DB /* SwipingControllerTaps.swift in Sources */,
				CF384BF2205EBB17005CCD57 /* APIError.swift in Sources */,
				CF182DC4203219900070B9E5 /* Carts.swift in Sources */,
				CF48A6AA202F3BE500FEEC7F /* LaptopsViewController.swift in Sources */,
				CF9231CE20386CDF00D44BB6 /* MyAccOHViewController.swift in Sources */,
				CF601A12204AE33900217025 /* OrderHistories.swift in Sources */,
				CF126946204C8674008EFD04 /* Combinations.swift in Sources */,
				CF601A08204ADEA100217025 /* IdValue.swift in Sources */,
				CFF4A7E5204EE5F9005AE5C8 /* ServicesCell.swift in Sources */,
				CF384BE1205D55B4005CCD57 /* Languages.swift in Sources */,
				CF26FFC420586CD300532C11 /* CustomCollectionViewCell.swift in Sources */,
				CFF4A7E3204EE5D1005AE5C8 /* ServicesViewController.swift in Sources */,
				CF601A10204AE21300217025 /* OrderDetails.swift in Sources */,
				CFC1D1FB203B442500343B25 /* ForgotPWViewController.swift in Sources */,
				CF601A0C204AE0B300217025 /* Messages.swift in Sources */,
				CFEC7B31203DFD3300F98C57 /* Reachability.swift in Sources */,
				CFB02E3E204F445A00429798 /* ProductsViewController.swift in Sources */,
				CF9231C22035FF2900D44BB6 /* MyAccAddrViewController.swift in Sources */,
				CF126942204C7B76008EFD04 /* Images.swift in Sources */,
				CF126944204C8506008EFD04 /* CartRules.swift in Sources */,
			);
			runOnlyForDeploymentPostprocessing = 0;
		};
		CFAFC094201F6DA1002CBC1B /* Sources */ = {
			isa = PBXSourcesBuildPhase;
			buildActionMask = 2147483647;
			files = (
				CFAFC09D201F6DA1002CBC1B /* YumaAppTests.swift in Sources */,
			);
			runOnlyForDeploymentPostprocessing = 0;
		};
		CFAFC09F201F6DA1002CBC1B /* Sources */ = {
			isa = PBXSourcesBuildPhase;
			buildActionMask = 2147483647;
			files = (
				CFAFC0A8201F6DA1002CBC1B /* YumaAppUITests.swift in Sources */,
			);
			runOnlyForDeploymentPostprocessing = 0;
		};
/* End PBXSourcesBuildPhase section */

/* Begin PBXTargetDependency section */
		CFAFC09A201F6DA1002CBC1B /* PBXTargetDependency */ = {
			isa = PBXTargetDependency;
			target = CFAFC083201F6DA1002CBC1B /* YumaApp */;
			targetProxy = CFAFC099201F6DA1002CBC1B /* PBXContainerItemProxy */;
		};
		CFAFC0A5201F6DA1002CBC1B /* PBXTargetDependency */ = {
			isa = PBXTargetDependency;
			target = CFAFC083201F6DA1002CBC1B /* YumaApp */;
			targetProxy = CFAFC0A4201F6DA1002CBC1B /* PBXContainerItemProxy */;
		};
/* End PBXTargetDependency section */

/* Begin PBXVariantGroup section */
		CFAFC090201F6DA1002CBC1B /* LaunchScreen.storyboard */ = {
			isa = PBXVariantGroup;
			children = (
				CFAFC091201F6DA1002CBC1B /* Base */,
			);
			name = LaunchScreen.storyboard;
			sourceTree = "<group>";
		};
/* End PBXVariantGroup section */

/* Begin XCBuildConfiguration section */
		CFAFC0AA201F6DA1002CBC1B /* Debug */ = {
			isa = XCBuildConfiguration;
			buildSettings = {
				ALWAYS_SEARCH_USER_PATHS = NO;
				CLANG_ANALYZER_NONNULL = YES;
				CLANG_ANALYZER_NUMBER_OBJECT_CONVERSION = YES_AGGRESSIVE;
				CLANG_CXX_LANGUAGE_STANDARD = "gnu++14";
				CLANG_CXX_LIBRARY = "libc++";
				CLANG_ENABLE_MODULES = YES;
				CLANG_ENABLE_OBJC_ARC = YES;
				CLANG_WARN_BLOCK_CAPTURE_AUTORELEASING = YES;
				CLANG_WARN_BOOL_CONVERSION = YES;
				CLANG_WARN_COMMA = YES;
				CLANG_WARN_CONSTANT_CONVERSION = YES;
				CLANG_WARN_DIRECT_OBJC_ISA_USAGE = YES_ERROR;
				CLANG_WARN_DOCUMENTATION_COMMENTS = YES;
				CLANG_WARN_EMPTY_BODY = YES;
				CLANG_WARN_ENUM_CONVERSION = YES;
				CLANG_WARN_INFINITE_RECURSION = YES;
				CLANG_WARN_INT_CONVERSION = YES;
				CLANG_WARN_NON_LITERAL_NULL_CONVERSION = YES;
				CLANG_WARN_OBJC_LITERAL_CONVERSION = YES;
				CLANG_WARN_OBJC_ROOT_CLASS = YES_ERROR;
				CLANG_WARN_RANGE_LOOP_ANALYSIS = YES;
				CLANG_WARN_STRICT_PROTOTYPES = YES;
				CLANG_WARN_SUSPICIOUS_MOVE = YES;
				CLANG_WARN_UNGUARDED_AVAILABILITY = YES_AGGRESSIVE;
				CLANG_WARN_UNREACHABLE_CODE = YES;
				CLANG_WARN__DUPLICATE_METHOD_MATCH = YES;
				CODE_SIGN_IDENTITY = "iPhone Developer";
				COPY_PHASE_STRIP = NO;
				DEBUG_INFORMATION_FORMAT = dwarf;
				ENABLE_STRICT_OBJC_MSGSEND = YES;
				ENABLE_TESTABILITY = YES;
				GCC_C_LANGUAGE_STANDARD = gnu11;
				GCC_DYNAMIC_NO_PIC = NO;
				GCC_NO_COMMON_BLOCKS = YES;
				GCC_OPTIMIZATION_LEVEL = 0;
				GCC_PREPROCESSOR_DEFINITIONS = (
					"DEBUG=1",
					"$(inherited)",
				);
				GCC_WARN_64_TO_32_BIT_CONVERSION = YES;
				GCC_WARN_ABOUT_RETURN_TYPE = YES_ERROR;
				GCC_WARN_UNDECLARED_SELECTOR = YES;
				GCC_WARN_UNINITIALIZED_AUTOS = YES_AGGRESSIVE;
				GCC_WARN_UNUSED_FUNCTION = YES;
				GCC_WARN_UNUSED_VARIABLE = YES;
				IPHONEOS_DEPLOYMENT_TARGET = 9.0;
				MTL_ENABLE_DEBUG_INFO = YES;
				ONLY_ACTIVE_ARCH = YES;
				SDKROOT = iphoneos;
				SWIFT_ACTIVE_COMPILATION_CONDITIONS = DEBUG;
				SWIFT_OPTIMIZATION_LEVEL = "-Onone";
			};
			name = Debug;
		};
		CFAFC0AB201F6DA1002CBC1B /* Release */ = {
			isa = XCBuildConfiguration;
			buildSettings = {
				ALWAYS_SEARCH_USER_PATHS = NO;
				CLANG_ANALYZER_NONNULL = YES;
				CLANG_ANALYZER_NUMBER_OBJECT_CONVERSION = YES_AGGRESSIVE;
				CLANG_CXX_LANGUAGE_STANDARD = "gnu++14";
				CLANG_CXX_LIBRARY = "libc++";
				CLANG_ENABLE_MODULES = YES;
				CLANG_ENABLE_OBJC_ARC = YES;
				CLANG_WARN_BLOCK_CAPTURE_AUTORELEASING = YES;
				CLANG_WARN_BOOL_CONVERSION = YES;
				CLANG_WARN_COMMA = YES;
				CLANG_WARN_CONSTANT_CONVERSION = YES;
				CLANG_WARN_DIRECT_OBJC_ISA_USAGE = YES_ERROR;
				CLANG_WARN_DOCUMENTATION_COMMENTS = YES;
				CLANG_WARN_EMPTY_BODY = YES;
				CLANG_WARN_ENUM_CONVERSION = YES;
				CLANG_WARN_INFINITE_RECURSION = YES;
				CLANG_WARN_INT_CONVERSION = YES;
				CLANG_WARN_NON_LITERAL_NULL_CONVERSION = YES;
				CLANG_WARN_OBJC_LITERAL_CONVERSION = YES;
				CLANG_WARN_OBJC_ROOT_CLASS = YES_ERROR;
				CLANG_WARN_RANGE_LOOP_ANALYSIS = YES;
				CLANG_WARN_STRICT_PROTOTYPES = YES;
				CLANG_WARN_SUSPICIOUS_MOVE = YES;
				CLANG_WARN_UNGUARDED_AVAILABILITY = YES_AGGRESSIVE;
				CLANG_WARN_UNREACHABLE_CODE = YES;
				CLANG_WARN__DUPLICATE_METHOD_MATCH = YES;
				CODE_SIGN_IDENTITY = "iPhone Developer";
				COPY_PHASE_STRIP = NO;
				DEBUG_INFORMATION_FORMAT = "dwarf-with-dsym";
				ENABLE_NS_ASSERTIONS = NO;
				ENABLE_STRICT_OBJC_MSGSEND = YES;
				GCC_C_LANGUAGE_STANDARD = gnu11;
				GCC_NO_COMMON_BLOCKS = YES;
				GCC_WARN_64_TO_32_BIT_CONVERSION = YES;
				GCC_WARN_ABOUT_RETURN_TYPE = YES_ERROR;
				GCC_WARN_UNDECLARED_SELECTOR = YES;
				GCC_WARN_UNINITIALIZED_AUTOS = YES_AGGRESSIVE;
				GCC_WARN_UNUSED_FUNCTION = YES;
				GCC_WARN_UNUSED_VARIABLE = YES;
				IPHONEOS_DEPLOYMENT_TARGET = 9.0;
				MTL_ENABLE_DEBUG_INFO = NO;
				SDKROOT = iphoneos;
				SWIFT_OPTIMIZATION_LEVEL = "-Owholemodule";
				VALIDATE_PRODUCT = YES;
			};
			name = Release;
		};
		CFAFC0AD201F6DA1002CBC1B /* Debug */ = {
			isa = XCBuildConfiguration;
			baseConfigurationReference = 057A747F0261C5418B078353 /* Pods-YumaApp.debug.xcconfig */;
			buildSettings = {
				ASSETCATALOG_COMPILER_APPICON_NAME = AppIcon;
				CODE_SIGN_STYLE = Automatic;
				DEBUG_ACTIVITY_MODE = "";
				"DEBUG_ACTIVITY_MODE[sdk=iphonesimulator*]" = default;
				DEVELOPMENT_TEAM = JED4EB54LQ;
				INFOPLIST_FILE = YumaApp/Info.plist;
				IPHONEOS_DEPLOYMENT_TARGET = 9.1;
				LD_RUNPATH_SEARCH_PATHS = "$(inherited) @executable_path/Frameworks";
				PRODUCT_BUNDLE_IDENTIFIER = com.yumatechnical.YumaApp;
				PRODUCT_NAME = "$(TARGET_NAME)";
				SWIFT_VERSION = 4.0;
				TARGETED_DEVICE_FAMILY = "1,2";
			};
			name = Debug;
		};
		CFAFC0AE201F6DA1002CBC1B /* Release */ = {
			isa = XCBuildConfiguration;
			baseConfigurationReference = AE1C6B3F93C3CDB25CE334C1 /* Pods-YumaApp.release.xcconfig */;
			buildSettings = {
				ASSETCATALOG_COMPILER_APPICON_NAME = AppIcon;
				CODE_SIGN_STYLE = Automatic;
				DEBUG_ACTIVITY_MODE = "";
				DEVELOPMENT_TEAM = JED4EB54LQ;
				INFOPLIST_FILE = YumaApp/Info.plist;
				IPHONEOS_DEPLOYMENT_TARGET = 9.1;
				LD_RUNPATH_SEARCH_PATHS = "$(inherited) @executable_path/Frameworks";
				PRODUCT_BUNDLE_IDENTIFIER = com.yumatechnical.YumaApp;
				PRODUCT_NAME = "$(TARGET_NAME)";
				SWIFT_VERSION = 4.0;
				TARGETED_DEVICE_FAMILY = "1,2";
			};
			name = Release;
		};
		CFAFC0B0201F6DA1002CBC1B /* Debug */ = {
			isa = XCBuildConfiguration;
			baseConfigurationReference = 392768AA0A60F91FDDB5AB8B /* Pods-YumaAppTests.debug.xcconfig */;
			buildSettings = {
				ALWAYS_EMBED_SWIFT_STANDARD_LIBRARIES = YES;
				BUNDLE_LOADER = "$(TEST_HOST)";
				CODE_SIGN_STYLE = Automatic;
				DEVELOPMENT_TEAM = JED4EB54LQ;
				INFOPLIST_FILE = YumaAppTests/Info.plist;
				LD_RUNPATH_SEARCH_PATHS = "$(inherited) @executable_path/Frameworks @loader_path/Frameworks";
				PRODUCT_BUNDLE_IDENTIFIER = com.yumatechnical.YumaAppTests;
				PRODUCT_NAME = "$(TARGET_NAME)";
				SWIFT_VERSION = 4.0;
				TARGETED_DEVICE_FAMILY = "1,2";
				TEST_HOST = "$(BUILT_PRODUCTS_DIR)/YumaApp.app/YumaApp";
			};
			name = Debug;
		};
		CFAFC0B1201F6DA1002CBC1B /* Release */ = {
			isa = XCBuildConfiguration;
			baseConfigurationReference = 4F16076F5CC5D486C6868E0A /* Pods-YumaAppTests.release.xcconfig */;
			buildSettings = {
				ALWAYS_EMBED_SWIFT_STANDARD_LIBRARIES = YES;
				BUNDLE_LOADER = "$(TEST_HOST)";
				CODE_SIGN_STYLE = Automatic;
				DEVELOPMENT_TEAM = JED4EB54LQ;
				INFOPLIST_FILE = YumaAppTests/Info.plist;
				LD_RUNPATH_SEARCH_PATHS = "$(inherited) @executable_path/Frameworks @loader_path/Frameworks";
				PRODUCT_BUNDLE_IDENTIFIER = com.yumatechnical.YumaAppTests;
				PRODUCT_NAME = "$(TARGET_NAME)";
				SWIFT_VERSION = 4.0;
				TARGETED_DEVICE_FAMILY = "1,2";
				TEST_HOST = "$(BUILT_PRODUCTS_DIR)/YumaApp.app/YumaApp";
			};
			name = Release;
		};
		CFAFC0B3201F6DA1002CBC1B /* Debug */ = {
			isa = XCBuildConfiguration;
			baseConfigurationReference = 7779EC198305B6B55E98D3CA /* Pods-YumaAppUITests.debug.xcconfig */;
			buildSettings = {
				ALWAYS_EMBED_SWIFT_STANDARD_LIBRARIES = YES;
				CODE_SIGN_STYLE = Automatic;
				DEVELOPMENT_TEAM = JED4EB54LQ;
				INFOPLIST_FILE = YumaAppUITests/Info.plist;
				LD_RUNPATH_SEARCH_PATHS = "$(inherited) @executable_path/Frameworks @loader_path/Frameworks";
				PRODUCT_BUNDLE_IDENTIFIER = com.yumatechnical.YumaAppUITests;
				PRODUCT_NAME = "$(TARGET_NAME)";
				SWIFT_VERSION = 4.0;
				TARGETED_DEVICE_FAMILY = "1,2";
				TEST_TARGET_NAME = YumaApp;
			};
			name = Debug;
		};
		CFAFC0B4201F6DA1002CBC1B /* Release */ = {
			isa = XCBuildConfiguration;
			baseConfigurationReference = 5B61A020F0F62CB2AC7C5093 /* Pods-YumaAppUITests.release.xcconfig */;
			buildSettings = {
				ALWAYS_EMBED_SWIFT_STANDARD_LIBRARIES = YES;
				CODE_SIGN_STYLE = Automatic;
				DEVELOPMENT_TEAM = JED4EB54LQ;
				INFOPLIST_FILE = YumaAppUITests/Info.plist;
				LD_RUNPATH_SEARCH_PATHS = "$(inherited) @executable_path/Frameworks @loader_path/Frameworks";
				PRODUCT_BUNDLE_IDENTIFIER = com.yumatechnical.YumaAppUITests;
				PRODUCT_NAME = "$(TARGET_NAME)";
				SWIFT_VERSION = 4.0;
				TARGETED_DEVICE_FAMILY = "1,2";
				TEST_TARGET_NAME = YumaApp;
			};
			name = Release;
		};
/* End XCBuildConfiguration section */

/* Begin XCConfigurationList section */
		CFAFC07F201F6DA1002CBC1B /* Build configuration list for PBXProject "YumaApp" */ = {
			isa = XCConfigurationList;
			buildConfigurations = (
				CFAFC0AA201F6DA1002CBC1B /* Debug */,
				CFAFC0AB201F6DA1002CBC1B /* Release */,
			);
			defaultConfigurationIsVisible = 0;
			defaultConfigurationName = Release;
		};
		CFAFC0AC201F6DA1002CBC1B /* Build configuration list for PBXNativeTarget "YumaApp" */ = {
			isa = XCConfigurationList;
			buildConfigurations = (
				CFAFC0AD201F6DA1002CBC1B /* Debug */,
				CFAFC0AE201F6DA1002CBC1B /* Release */,
			);
			defaultConfigurationIsVisible = 0;
			defaultConfigurationName = Release;
		};
		CFAFC0AF201F6DA1002CBC1B /* Build configuration list for PBXNativeTarget "YumaAppTests" */ = {
			isa = XCConfigurationList;
			buildConfigurations = (
				CFAFC0B0201F6DA1002CBC1B /* Debug */,
				CFAFC0B1201F6DA1002CBC1B /* Release */,
			);
			defaultConfigurationIsVisible = 0;
			defaultConfigurationName = Release;
		};
		CFAFC0B2201F6DA1002CBC1B /* Build configuration list for PBXNativeTarget "YumaAppUITests" */ = {
			isa = XCConfigurationList;
			buildConfigurations = (
				CFAFC0B3201F6DA1002CBC1B /* Debug */,
				CFAFC0B4201F6DA1002CBC1B /* Release */,
			);
			defaultConfigurationIsVisible = 0;
			defaultConfigurationName = Release;
		};
/* End XCConfigurationList section */
	};
	rootObject = CFAFC07C201F6DA1002CBC1B /* Project object */;
}
